
Microsoft Visual Studio Solution File, Format Version 12.00
Project("{9A19103F-16F7-4668-BE54-9A1E7A4F7556}") = "CurriculumShared", "src\Features\CurriculumShared\CurriculumShared.csproj", "{9566925D-C674-450C-BA0F-8086A23F7B04}"
EndProject
Project("{9A19103F-16F7-4668-BE54-9A1E7A4F7556}") = "ConvertDocToDocx", "src\Features\ConvertDocToDocx\ConvertDocToDocx.csproj", "{204B90D3-368A-49B8-A484-B82E8792CD8D}"
EndProject
Project("{9A19103F-16F7-4668-BE54-9A1E7A4F7556}") = "ConvertDocToDocxLibrary", "src\Features\ConvertDocToDocxLibrary\ConvertDocToDocxLibrary.csproj", "{72D46349-E223-4B43-9295-455F0024D0CC}"
EndProject
Project("{9A19103F-16F7-4668-BE54-9A1E7A4F7556}") = "CurriculumDownload", "src\Features\CurriculumDownload\CurriculumDownload.csproj", "{43AE9D14-BC16-4019-9EBD-CA7D1905E720}"
EndProject
Project("{9A19103F-16F7-4668-BE54-9A1E7A4F7556}") = "CurriculumSummary", "src\Features\CurriculumSummary\CurriculumSummary.csproj", "{6C6111D1-76CB-45F0-9B53-0BDC73627035}"
EndProject
Project("{9A19103F-16F7-4668-BE54-9A1E7A4F7556}") = "DocsTemplates", "src\Features\DocsTemplates\DocsTemplates.csproj", "{CC181334-23BD-4AFB-A475-69A7CE58C6EC}"
EndProject
Project("{9A19103F-16F7-4668-BE54-9A1E7A4F7556}") = "DriveHelper", "src\Features\DriveHelper\DriveHelper.csproj", "{4700078B-2FF3-4D40-AFCE-A1DD909EF2EA}"
EndProject
Project("{9A19103F-16F7-4668-BE54-9A1E7A4F7556}") = "FmiWebsiteInterop", "src\Features\FmiWebsiteInterop\FmiWebsiteInterop.csproj", "{B24F0595-F29E-4B67-B5D4-596A6FAA8DBF}"
EndProject
Project("{9A19103F-16F7-4668-BE54-9A1E7A4F7556}") = "Integration", "src\Features\Integration\Integration.csproj", "{490BA5F1-EB2C-4890-AC9E-8F5C70FBB783}"
EndProject
Project("{9A19103F-16F7-4668-BE54-9A1E7A4F7556}") = "LayeredConfig", "src\Features\LayeredConfig\LayeredConfig.csproj", "{C9FA8AF8-477A-4D49-B59F-5566F680012A}"
EndProject
Project("{9A19103F-16F7-4668-BE54-9A1E7A4F7556}") = "Anton.LayeredData", "src\Features\LayeredData\Anton.LayeredData.csproj", "{A294720A-F816-4875-A53B-E491190100B6}"
EndProject
Project("{9A19103F-16F7-4668-BE54-9A1E7A4F7556}") = "MoodleInterop", "src\Features\MoodleInterop\MoodleInterop.csproj", "{4C050C7C-F1DB-4CD6-986E-71FC3C027E78}"
EndProject
Project("{9A19103F-16F7-4668-BE54-9A1E7A4F7556}") = "OnlineRegistry", "src\Features\OnlineRegistry\OnlineRegistry.csproj", "{4B73B05E-2883-4D3E-BB6A-F1B16E75F3D1}"
EndProject
Project("{9A19103F-16F7-4668-BE54-9A1E7A4F7556}") = "BuilderNewTests.Tests", "src\Features\Tests\BuilderNewTests\BuilderNewTests.Tests.csproj", "{7422C816-0CA2-48A2-BBC0-015C917FAE62}"
EndProject
Project("{9A19103F-16F7-4668-BE54-9A1E7A4F7556}") = "Curriculum.Tests", "src\Features\Tests\Curriculum\Curriculum.Tests.csproj", "{B2DD6011-0013-4B76-9DDB-90F44C3F9EFA}"
EndProject
Project("{9A19103F-16F7-4668-BE54-9A1E7A4F7556}") = "OnlineRegistry.Tests", "src\Features\Tests\OnlineRegistry\OnlineRegistry.Tests.csproj", "{9A59CEFC-1D4E-4DD0-ADA8-9F3D17A65663}"
EndProject
Project("{9A19103F-16F7-4668-BE54-9A1E7A4F7556}") = "Topics.Tests", "src\Features\Tests\Topics\Topics.Tests.csproj", "{C96085B7-54E1-4BAB-A64E-AAAAB8D46FDC}"
EndProject
Project("{9A19103F-16F7-4668-BE54-9A1E7A4F7556}") = "WebsiteJsonSchedule.Tests", "src\Features\Tests\WebsiteJsonSchedule\WebsiteJsonSchedule.Tests.csproj", "{7966F691-7444-40C1-A9D8-67CFF885ED79}"
EndProject
Project("{9A19103F-16F7-4668-BE54-9A1E7A4F7556}") = "ThesesParsing", "src\Features\ThesesParsing\ThesesParsing.csproj", "{C6A933FC-5EE4-42D8-8374-7E87BEBF2AE3}"
EndProject
Project("{9A19103F-16F7-4668-BE54-9A1E7A4F7556}") = "Desktop", "src\Gui\Desktop\Desktop.csproj", "{E9541F88-467F-4281-AD99-4C1DA502115A}"
EndProject
Project("{9A19103F-16F7-4668-BE54-9A1E7A4F7556}") = "Desktop.Tests", "src\Gui\Tests\Desktop\Desktop.Tests.csproj", "{2F84FB8C-D01E-49A0-B5FB-B718D4114971}"
EndProject
Project("{9A19103F-16F7-4668-BE54-9A1E7A4F7556}") = "MainCli", "src\MainCli\MainCli.csproj", "{FD786E5E-0E6D-43FC-A19D-CE635619FEA7}"
EndProject
Project("{9A19103F-16F7-4668-BE54-9A1E7A4F7556}") = "ScheduleDefaults", "src\ScheduleDefaults\ScheduleDefaults.csproj", "{08929EF3-7ACC-4E29-9280-F1281C365698}"
EndProject
Project("{9A19103F-16F7-4668-BE54-9A1E7A4F7556}") = "ScheduleLib.Core", "src\ScheduleLib\ScheduleLib.Core\ScheduleLib.Core.csproj", "{44D9CCC6-9B68-4079-9884-B17995F98521}"
EndProject
Project("{9A19103F-16F7-4668-BE54-9A1E7A4F7556}") = "ScheduleLib.Dates", "src\ScheduleLib\ScheduleLib.Dates\ScheduleLib.Dates.csproj", "{57220094-36D3-42A8-9633-5E8300A15EDA}"
EndProject
Project("{9A19103F-16F7-4668-BE54-9A1E7A4F7556}") = "ScheduleLib.Generator.Pdf", "src\ScheduleLib\ScheduleLib.Generator.Pdf\ScheduleLib.Generator.Pdf.csproj", "{783CB36A-2780-408C-8151-B2EFF9275A74}"
EndProject
Project("{9A19103F-16F7-4668-BE54-9A1E7A4F7556}") = "ScheduleLib.Helper.Excel", "src\ScheduleLib\ScheduleLib.Helper.Excel\ScheduleLib.Helper.Excel.csproj", "{68192C34-11A6-4103-B2BF-D9B2ED0B6460}"
EndProject
Project("{9A19103F-16F7-4668-BE54-9A1E7A4F7556}") = "ScheduleLib.Helper", "src\ScheduleLib\ScheduleLib.Helper\ScheduleLib.Helper.csproj", "{0C5182D8-B558-4229-BCF2-5A6BE3B66734}"
EndProject
Project("{9A19103F-16F7-4668-BE54-9A1E7A4F7556}") = "ScheduleLib.Helper.DependencyInjection", "src\ScheduleLib\ScheduleLib.Helper.DependencyInjection\ScheduleLib.Helper.DependencyInjection.csproj", "{99D9DDF0-6DBE-4A56-B759-D7678E824DD2}"
EndProject
Project("{9A19103F-16F7-4668-BE54-9A1E7A4F7556}") = "ScheduleLib.Scraping.Common", "src\ScheduleLib\ScheduleLib.Scraping.Common\ScheduleLib.Scraping.Common.csproj", "{A5F0FC9B-4081-4951-B7A0-3039FBDDC441}"
EndProject
Project("{9A19103F-16F7-4668-BE54-9A1E7A4F7556}") = "Helper.Tests", "src\ScheduleLib\Tests\Helper\Helper.Tests.csproj", "{00601EF3-D08C-4957-B290-7A1768B7FF66}"
EndProject
Project("{9A19103F-16F7-4668-BE54-9A1E7A4F7556}") = "Parser.Tests", "src\ScheduleLib\Tests\Parser\Parser.Tests.csproj", "{CC2D6A1D-F59F-4EAE-A01E-A72FE4A08D94}"
EndProject
Project("{9A19103F-16F7-4668-BE54-9A1E7A4F7556}") = "ScheduleCommon", "src\ScheduleLib\Tests\ScheduleCommon\ScheduleCommon.csproj", "{436F8B26-BCCB-485E-8FE3-99D4F31E3F9E}"
EndProject
Project("{9A19103F-16F7-4668-BE54-9A1E7A4F7556}") = "ScheduleFromDoc.Tests", "src\ScheduleLib\Tests\ScheduleFromDoc\ScheduleFromDoc.Tests.csproj", "{341387F3-2BFE-4681-83C3-2C10837AED32}"
EndProject
Project("{9A19103F-16F7-4668-BE54-9A1E7A4F7556}") = "Tests.Common", "src\Tests\Common\Tests.Common.csproj", "{24A0A4ED-4ACB-4AB9-B55C-0CD8EB68329B}"
EndProject
Project("{2150E333-8FDC-42A3-9474-1A3956D46DE8}") = "ConvertDocToDocx", "ConvertDocToDocx", "{A4B78FDE-7A04-43E6-BEC8-48094B6671CB}"
EndProject
Project("{2150E333-8FDC-42A3-9474-1A3956D46DE8}") = "ConvertDocToDocxLibrary", "ConvertDocToDocxLibrary", "{F607E63C-CABB-4205-8D99-BDA88242D301}"
EndProject
Project("{2150E333-8FDC-42A3-9474-1A3956D46DE8}") = "CurriculumDownload", "CurriculumDownload", "{F1B3B1C5-83D5-423E-8157-5B64BC1694C7}"
EndProject
Project("{2150E333-8FDC-42A3-9474-1A3956D46DE8}") = "CurriculumSummary", "CurriculumSummary", "{E7395A0E-4EE6-4480-BD5C-090113121904}"
EndProject
Project("{2150E333-8FDC-42A3-9474-1A3956D46DE8}") = "DocsTemplates", "DocsTemplates", "{ECA19CA6-DB45-4342-B149-F100F9015A59}"
EndProject
Project("{2150E333-8FDC-42A3-9474-1A3956D46DE8}") = "DriveHelper", "DriveHelper", "{6C83A0BD-7D6C-41D2-AAED-D747D79349E2}"
EndProject
Project("{2150E333-8FDC-42A3-9474-1A3956D46DE8}") = "FmiWebsiteInterop", "FmiWebsiteInterop", "{968D48D3-2727-4586-B48F-81E91A5F8E08}"
EndProject
Project("{2150E333-8FDC-42A3-9474-1A3956D46DE8}") = "Integration", "Integration", "{9820539E-BD7F-4EEC-8F3D-ABD3BD1E731C}"
EndProject
Project("{2150E333-8FDC-42A3-9474-1A3956D46DE8}") = "LayeredConfig", "LayeredConfig", "{FB7441BB-D48F-4958-8D3B-BA920DC534C8}"
EndProject
Project("{2150E333-8FDC-42A3-9474-1A3956D46DE8}") = "LayeredData", "LayeredData", "{7BA5CEF9-56F7-45A1-979A-4D2080362FB5}"
EndProject
Project("{2150E333-8FDC-42A3-9474-1A3956D46DE8}") = "MoodleInterop", "MoodleInterop", "{C0770837-B75D-44C5-B95E-BC2B3A88FE36}"
EndProject
Project("{2150E333-8FDC-42A3-9474-1A3956D46DE8}") = "OnlineRegistry", "OnlineRegistry", "{B2B04CD1-6965-48E0-9C98-51C9F2AB440C}"
EndProject
Project("{2150E333-8FDC-42A3-9474-1A3956D46DE8}") = "BuilderNewTests", "BuilderNewTests", "{7285545E-E053-4208-98C6-1CEFC9903674}"
EndProject
Project("{2150E333-8FDC-42A3-9474-1A3956D46DE8}") = "Curriculum", "Curriculum", "{EF91BBC2-284A-4AD0-83D7-4C2F0C059A7A}"
EndProject
Project("{2150E333-8FDC-42A3-9474-1A3956D46DE8}") = "OnlineRegistry", "OnlineRegistry", "{8AFEE3D4-A0D5-4B20-83B6-3A39C61B8AE4}"
EndProject
Project("{2150E333-8FDC-42A3-9474-1A3956D46DE8}") = "Topics", "Topics", "{C7A3FEA7-6E87-4977-9205-853FC9DC455D}"
EndProject
Project("{2150E333-8FDC-42A3-9474-1A3956D46DE8}") = "WebsiteJsonSchedule", "WebsiteJsonSchedule", "{84F0043B-6DC2-4FC7-92D7-614AB13D3B2D}"
EndProject
Project("{2150E333-8FDC-42A3-9474-1A3956D46DE8}") = "Tests", "Tests", "{26D7F1FA-776E-44C4-9E21-1B22A46987AA}"
EndProject
Project("{2150E333-8FDC-42A3-9474-1A3956D46DE8}") = "ThesesParsing", "ThesesParsing", "{65198ADF-E2D0-4807-B1D5-D42AD83A0190}"
EndProject
Project("{2150E333-8FDC-42A3-9474-1A3956D46DE8}") = "Features", "Features", "{9B3C264B-9DA8-4BB4-9579-23D479BFFDA8}"
EndProject
Project("{2150E333-8FDC-42A3-9474-1A3956D46DE8}") = "Desktop", "Desktop", "{B3C12E52-1DA5-4672-8B20-E8730067B226}"
EndProject
Project("{2150E333-8FDC-42A3-9474-1A3956D46DE8}") = "Desktop", "Desktop", "{CB8BD4AB-5CC4-4469-B35C-004623C37526}"
EndProject
Project("{2150E333-8FDC-42A3-9474-1A3956D46DE8}") = "Tests", "Tests", "{7C95DE15-DE77-4546-84FD-D22A863B4227}"
EndProject
Project("{2150E333-8FDC-42A3-9474-1A3956D46DE8}") = "Gui", "Gui", "{F7A49267-C058-4A08-A400-FA8D017C9800}"
EndProject
Project("{2150E333-8FDC-42A3-9474-1A3956D46DE8}") = "MainCli", "MainCli", "{70BEEE79-5F0F-4F6F-AC0B-02F56DCDB2ED}"
EndProject
Project("{2150E333-8FDC-42A3-9474-1A3956D46DE8}") = "ScheduleDefaults", "ScheduleDefaults", "{9B27C1F8-DF9C-4A49-B842-B31487D7EC9D}"
EndProject
Project("{2150E333-8FDC-42A3-9474-1A3956D46DE8}") = "ScheduleLib.Core", "ScheduleLib.Core", "{E37C3480-24FB-4F85-963A-A70D65AD9EBE}"
EndProject
Project("{2150E333-8FDC-42A3-9474-1A3956D46DE8}") = "ScheduleLib.Dates", "ScheduleLib.Dates", "{E6AD82EF-7F90-43D0-9235-E8A2D89C6A06}"
EndProject
Project("{2150E333-8FDC-42A3-9474-1A3956D46DE8}") = "ScheduleLib.Generator.Pdf", "ScheduleLib.Generator.Pdf", "{295EA769-928B-44EE-9847-3A6BC9AC8105}"
EndProject
Project("{2150E333-8FDC-42A3-9474-1A3956D46DE8}") = "ScheduleLib.Helper.Excel", "ScheduleLib.Helper.Excel", "{D5BA18E3-518D-4C1A-A5AA-5C40BDA27DC2}"
EndProject
Project("{2150E333-8FDC-42A3-9474-1A3956D46DE8}") = "ScheduleLib.Helper", "ScheduleLib.Helper", "{6DB92906-3731-4831-8568-4D38F8DF6C77}"
EndProject
Project("{2150E333-8FDC-42A3-9474-1A3956D46DE8}") = "ScheduleLib.Helper.DependencyInjection", "ScheduleLib.Helper.DependencyInjection", "{5153F84B-5756-4C36-9B1E-62AF68E15E1A}"
EndProject
Project("{2150E333-8FDC-42A3-9474-1A3956D46DE8}") = "ScheduleLib.Scraping.Common", "ScheduleLib.Scraping.Common", "{A912A3C1-7D57-4034-8227-8077B129BA17}"
EndProject
Project("{2150E333-8FDC-42A3-9474-1A3956D46DE8}") = "Helper", "Helper", "{12793D12-81A5-4259-9D54-529016BB937A}"
EndProject
Project("{2150E333-8FDC-42A3-9474-1A3956D46DE8}") = "Parser", "Parser", "{02B85705-F83A-445C-AC9D-C9C7EA56A67B}"
EndProject
Project("{2150E333-8FDC-42A3-9474-1A3956D46DE8}") = "ScheduleCommon", "ScheduleCommon", "{AACC789C-BAAF-4FD7-830E-1BD321CDB357}"
EndProject
Project("{2150E333-8FDC-42A3-9474-1A3956D46DE8}") = "ScheduleFromDoc", "ScheduleFromDoc", "{41AC6445-A6CA-4B59-B4D1-1EE35A784387}"
EndProject
Project("{2150E333-8FDC-42A3-9474-1A3956D46DE8}") = "Tests", "Tests", "{19B0A502-F206-4E8E-B60F-9700E0C7D207}"
EndProject
Project("{2150E333-8FDC-42A3-9474-1A3956D46DE8}") = "ScheduleLib", "ScheduleLib", "{6A9C3A24-B67A-4642-AF26-152F5A82EDF4}"
EndProject
Project("{2150E333-8FDC-42A3-9474-1A3956D46DE8}") = "Common", "Common", "{E177C8E0-2ADA-4328-9FD3-DD41ADB357A9}"
EndProject
Project("{2150E333-8FDC-42A3-9474-1A3956D46DE8}") = "Tests", "Tests", "{859DA9E0-5B2E-449E-9E95-223C9D2770A1}"
EndProject
Project("{2150E333-8FDC-42A3-9474-1A3956D46DE8}") = "src", "src", "{827E0CD3-B72D-47B6-A68D-7590B98EB39B}"
EndProject
Project("{2150E333-8FDC-42A3-9474-1A3956D46DE8}") = "ScheduleLib", "ScheduleLib", "{8DAC2897-3B5E-0E96-2A84-4EC2610D5356}"
EndProject
Project("{FAE04EC0-301F-11D3-BF4B-00C04F79EFBC}") = "ScheduleLib.Generator.Ics", "src\ScheduleLib\ScheduleLib.Generator.Ics\ScheduleLib.Generator.Ics.csproj", "{4E6BD32B-CC6F-404B-AE68-300E18C58164}"
EndProject
Global
	GlobalSection(SolutionConfigurationPlatforms) = preSolution
		Debug|Any CPU = Debug|Any CPU
		Debug|x64 = Debug|x64
		Debug|x86 = Debug|x86
		Release|Any CPU = Release|Any CPU
		Release|x64 = Release|x64
		Release|x86 = Release|x86
	EndGlobalSection
	GlobalSection(ProjectConfigurationPlatforms) = postSolution
		{9566925D-C674-450C-BA0F-8086A23F7B04}.Debug|Any CPU.ActiveCfg = Debug|Any CPU
		{9566925D-C674-450C-BA0F-8086A23F7B04}.Debug|Any CPU.Build.0 = Debug|Any CPU
		{9566925D-C674-450C-BA0F-8086A23F7B04}.Debug|x64.ActiveCfg = Debug|Any CPU
		{9566925D-C674-450C-BA0F-8086A23F7B04}.Debug|x64.Build.0 = Debug|Any CPU
		{9566925D-C674-450C-BA0F-8086A23F7B04}.Debug|x86.ActiveCfg = Debug|Any CPU
		{9566925D-C674-450C-BA0F-8086A23F7B04}.Debug|x86.Build.0 = Debug|Any CPU
		{9566925D-C674-450C-BA0F-8086A23F7B04}.Release|Any CPU.ActiveCfg = Release|Any CPU
		{9566925D-C674-450C-BA0F-8086A23F7B04}.Release|Any CPU.Build.0 = Release|Any CPU
		{9566925D-C674-450C-BA0F-8086A23F7B04}.Release|x64.ActiveCfg = Release|Any CPU
		{9566925D-C674-450C-BA0F-8086A23F7B04}.Release|x64.Build.0 = Release|Any CPU
		{9566925D-C674-450C-BA0F-8086A23F7B04}.Release|x86.ActiveCfg = Release|Any CPU
		{9566925D-C674-450C-BA0F-8086A23F7B04}.Release|x86.Build.0 = Release|Any CPU
		{204B90D3-368A-49B8-A484-B82E8792CD8D}.Debug|Any CPU.ActiveCfg = Debug|Any CPU
		{204B90D3-368A-49B8-A484-B82E8792CD8D}.Debug|Any CPU.Build.0 = Debug|Any CPU
		{204B90D3-368A-49B8-A484-B82E8792CD8D}.Debug|x64.ActiveCfg = Debug|Any CPU
		{204B90D3-368A-49B8-A484-B82E8792CD8D}.Debug|x64.Build.0 = Debug|Any CPU
		{204B90D3-368A-49B8-A484-B82E8792CD8D}.Debug|x86.ActiveCfg = Debug|Any CPU
		{204B90D3-368A-49B8-A484-B82E8792CD8D}.Debug|x86.Build.0 = Debug|Any CPU
		{204B90D3-368A-49B8-A484-B82E8792CD8D}.Release|Any CPU.ActiveCfg = Release|Any CPU
		{204B90D3-368A-49B8-A484-B82E8792CD8D}.Release|Any CPU.Build.0 = Release|Any CPU
		{204B90D3-368A-49B8-A484-B82E8792CD8D}.Release|x64.ActiveCfg = Release|Any CPU
		{204B90D3-368A-49B8-A484-B82E8792CD8D}.Release|x64.Build.0 = Release|Any CPU
		{204B90D3-368A-49B8-A484-B82E8792CD8D}.Release|x86.ActiveCfg = Release|Any CPU
		{204B90D3-368A-49B8-A484-B82E8792CD8D}.Release|x86.Build.0 = Release|Any CPU
		{72D46349-E223-4B43-9295-455F0024D0CC}.Debug|Any CPU.ActiveCfg = Debug|Any CPU
		{72D46349-E223-4B43-9295-455F0024D0CC}.Debug|Any CPU.Build.0 = Debug|Any CPU
		{72D46349-E223-4B43-9295-455F0024D0CC}.Debug|x64.ActiveCfg = Debug|Any CPU
		{72D46349-E223-4B43-9295-455F0024D0CC}.Debug|x64.Build.0 = Debug|Any CPU
		{72D46349-E223-4B43-9295-455F0024D0CC}.Debug|x86.ActiveCfg = Debug|Any CPU
		{72D46349-E223-4B43-9295-455F0024D0CC}.Debug|x86.Build.0 = Debug|Any CPU
		{72D46349-E223-4B43-9295-455F0024D0CC}.Release|Any CPU.ActiveCfg = Release|Any CPU
		{72D46349-E223-4B43-9295-455F0024D0CC}.Release|Any CPU.Build.0 = Release|Any CPU
		{72D46349-E223-4B43-9295-455F0024D0CC}.Release|x64.ActiveCfg = Release|Any CPU
		{72D46349-E223-4B43-9295-455F0024D0CC}.Release|x64.Build.0 = Release|Any CPU
		{72D46349-E223-4B43-9295-455F0024D0CC}.Release|x86.ActiveCfg = Release|Any CPU
		{72D46349-E223-4B43-9295-455F0024D0CC}.Release|x86.Build.0 = Release|Any CPU
		{43AE9D14-BC16-4019-9EBD-CA7D1905E720}.Debug|Any CPU.ActiveCfg = Debug|Any CPU
		{43AE9D14-BC16-4019-9EBD-CA7D1905E720}.Debug|Any CPU.Build.0 = Debug|Any CPU
		{43AE9D14-BC16-4019-9EBD-CA7D1905E720}.Debug|x64.ActiveCfg = Debug|Any CPU
		{43AE9D14-BC16-4019-9EBD-CA7D1905E720}.Debug|x64.Build.0 = Debug|Any CPU
		{43AE9D14-BC16-4019-9EBD-CA7D1905E720}.Debug|x86.ActiveCfg = Debug|Any CPU
		{43AE9D14-BC16-4019-9EBD-CA7D1905E720}.Debug|x86.Build.0 = Debug|Any CPU
		{43AE9D14-BC16-4019-9EBD-CA7D1905E720}.Release|Any CPU.ActiveCfg = Release|Any CPU
		{43AE9D14-BC16-4019-9EBD-CA7D1905E720}.Release|Any CPU.Build.0 = Release|Any CPU
		{43AE9D14-BC16-4019-9EBD-CA7D1905E720}.Release|x64.ActiveCfg = Release|Any CPU
		{43AE9D14-BC16-4019-9EBD-CA7D1905E720}.Release|x64.Build.0 = Release|Any CPU
		{43AE9D14-BC16-4019-9EBD-CA7D1905E720}.Release|x86.ActiveCfg = Release|Any CPU
		{43AE9D14-BC16-4019-9EBD-CA7D1905E720}.Release|x86.Build.0 = Release|Any CPU
		{6C6111D1-76CB-45F0-9B53-0BDC73627035}.Debug|Any CPU.ActiveCfg = Debug|Any CPU
		{6C6111D1-76CB-45F0-9B53-0BDC73627035}.Debug|Any CPU.Build.0 = Debug|Any CPU
		{6C6111D1-76CB-45F0-9B53-0BDC73627035}.Debug|x64.ActiveCfg = Debug|Any CPU
		{6C6111D1-76CB-45F0-9B53-0BDC73627035}.Debug|x64.Build.0 = Debug|Any CPU
		{6C6111D1-76CB-45F0-9B53-0BDC73627035}.Debug|x86.ActiveCfg = Debug|Any CPU
		{6C6111D1-76CB-45F0-9B53-0BDC73627035}.Debug|x86.Build.0 = Debug|Any CPU
		{6C6111D1-76CB-45F0-9B53-0BDC73627035}.Release|Any CPU.ActiveCfg = Release|Any CPU
		{6C6111D1-76CB-45F0-9B53-0BDC73627035}.Release|Any CPU.Build.0 = Release|Any CPU
		{6C6111D1-76CB-45F0-9B53-0BDC73627035}.Release|x64.ActiveCfg = Release|Any CPU
		{6C6111D1-76CB-45F0-9B53-0BDC73627035}.Release|x64.Build.0 = Release|Any CPU
		{6C6111D1-76CB-45F0-9B53-0BDC73627035}.Release|x86.ActiveCfg = Release|Any CPU
		{6C6111D1-76CB-45F0-9B53-0BDC73627035}.Release|x86.Build.0 = Release|Any CPU
		{CC181334-23BD-4AFB-A475-69A7CE58C6EC}.Debug|Any CPU.ActiveCfg = Debug|Any CPU
		{CC181334-23BD-4AFB-A475-69A7CE58C6EC}.Debug|Any CPU.Build.0 = Debug|Any CPU
		{CC181334-23BD-4AFB-A475-69A7CE58C6EC}.Debug|x64.ActiveCfg = Debug|Any CPU
		{CC181334-23BD-4AFB-A475-69A7CE58C6EC}.Debug|x64.Build.0 = Debug|Any CPU
		{CC181334-23BD-4AFB-A475-69A7CE58C6EC}.Debug|x86.ActiveCfg = Debug|Any CPU
		{CC181334-23BD-4AFB-A475-69A7CE58C6EC}.Debug|x86.Build.0 = Debug|Any CPU
		{CC181334-23BD-4AFB-A475-69A7CE58C6EC}.Release|Any CPU.ActiveCfg = Release|Any CPU
		{CC181334-23BD-4AFB-A475-69A7CE58C6EC}.Release|Any CPU.Build.0 = Release|Any CPU
		{CC181334-23BD-4AFB-A475-69A7CE58C6EC}.Release|x64.ActiveCfg = Release|Any CPU
		{CC181334-23BD-4AFB-A475-69A7CE58C6EC}.Release|x64.Build.0 = Release|Any CPU
		{CC181334-23BD-4AFB-A475-69A7CE58C6EC}.Release|x86.ActiveCfg = Release|Any CPU
		{CC181334-23BD-4AFB-A475-69A7CE58C6EC}.Release|x86.Build.0 = Release|Any CPU
		{4700078B-2FF3-4D40-AFCE-A1DD909EF2EA}.Debug|Any CPU.ActiveCfg = Debug|Any CPU
		{4700078B-2FF3-4D40-AFCE-A1DD909EF2EA}.Debug|Any CPU.Build.0 = Debug|Any CPU
		{4700078B-2FF3-4D40-AFCE-A1DD909EF2EA}.Debug|x64.ActiveCfg = Debug|Any CPU
		{4700078B-2FF3-4D40-AFCE-A1DD909EF2EA}.Debug|x64.Build.0 = Debug|Any CPU
		{4700078B-2FF3-4D40-AFCE-A1DD909EF2EA}.Debug|x86.ActiveCfg = Debug|Any CPU
		{4700078B-2FF3-4D40-AFCE-A1DD909EF2EA}.Debug|x86.Build.0 = Debug|Any CPU
		{4700078B-2FF3-4D40-AFCE-A1DD909EF2EA}.Release|Any CPU.ActiveCfg = Release|Any CPU
		{4700078B-2FF3-4D40-AFCE-A1DD909EF2EA}.Release|Any CPU.Build.0 = Release|Any CPU
		{4700078B-2FF3-4D40-AFCE-A1DD909EF2EA}.Release|x64.ActiveCfg = Release|Any CPU
		{4700078B-2FF3-4D40-AFCE-A1DD909EF2EA}.Release|x64.Build.0 = Release|Any CPU
		{4700078B-2FF3-4D40-AFCE-A1DD909EF2EA}.Release|x86.ActiveCfg = Release|Any CPU
		{4700078B-2FF3-4D40-AFCE-A1DD909EF2EA}.Release|x86.Build.0 = Release|Any CPU
		{B24F0595-F29E-4B67-B5D4-596A6FAA8DBF}.Debug|Any CPU.ActiveCfg = Debug|Any CPU
		{B24F0595-F29E-4B67-B5D4-596A6FAA8DBF}.Debug|Any CPU.Build.0 = Debug|Any CPU
		{B24F0595-F29E-4B67-B5D4-596A6FAA8DBF}.Debug|x64.ActiveCfg = Debug|Any CPU
		{B24F0595-F29E-4B67-B5D4-596A6FAA8DBF}.Debug|x64.Build.0 = Debug|Any CPU
		{B24F0595-F29E-4B67-B5D4-596A6FAA8DBF}.Debug|x86.ActiveCfg = Debug|Any CPU
		{B24F0595-F29E-4B67-B5D4-596A6FAA8DBF}.Debug|x86.Build.0 = Debug|Any CPU
		{B24F0595-F29E-4B67-B5D4-596A6FAA8DBF}.Release|Any CPU.ActiveCfg = Release|Any CPU
		{B24F0595-F29E-4B67-B5D4-596A6FAA8DBF}.Release|Any CPU.Build.0 = Release|Any CPU
		{B24F0595-F29E-4B67-B5D4-596A6FAA8DBF}.Release|x64.ActiveCfg = Release|Any CPU
		{B24F0595-F29E-4B67-B5D4-596A6FAA8DBF}.Release|x64.Build.0 = Release|Any CPU
		{B24F0595-F29E-4B67-B5D4-596A6FAA8DBF}.Release|x86.ActiveCfg = Release|Any CPU
		{B24F0595-F29E-4B67-B5D4-596A6FAA8DBF}.Release|x86.Build.0 = Release|Any CPU
		{490BA5F1-EB2C-4890-AC9E-8F5C70FBB783}.Debug|Any CPU.ActiveCfg = Debug|Any CPU
		{490BA5F1-EB2C-4890-AC9E-8F5C70FBB783}.Debug|Any CPU.Build.0 = Debug|Any CPU
		{490BA5F1-EB2C-4890-AC9E-8F5C70FBB783}.Debug|x64.ActiveCfg = Debug|Any CPU
		{490BA5F1-EB2C-4890-AC9E-8F5C70FBB783}.Debug|x64.Build.0 = Debug|Any CPU
		{490BA5F1-EB2C-4890-AC9E-8F5C70FBB783}.Debug|x86.ActiveCfg = Debug|Any CPU
		{490BA5F1-EB2C-4890-AC9E-8F5C70FBB783}.Debug|x86.Build.0 = Debug|Any CPU
		{490BA5F1-EB2C-4890-AC9E-8F5C70FBB783}.Release|Any CPU.ActiveCfg = Release|Any CPU
		{490BA5F1-EB2C-4890-AC9E-8F5C70FBB783}.Release|Any CPU.Build.0 = Release|Any CPU
		{490BA5F1-EB2C-4890-AC9E-8F5C70FBB783}.Release|x64.ActiveCfg = Release|Any CPU
		{490BA5F1-EB2C-4890-AC9E-8F5C70FBB783}.Release|x64.Build.0 = Release|Any CPU
		{490BA5F1-EB2C-4890-AC9E-8F5C70FBB783}.Release|x86.ActiveCfg = Release|Any CPU
		{490BA5F1-EB2C-4890-AC9E-8F5C70FBB783}.Release|x86.Build.0 = Release|Any CPU
		{C9FA8AF8-477A-4D49-B59F-5566F680012A}.Debug|Any CPU.ActiveCfg = Debug|Any CPU
		{C9FA8AF8-477A-4D49-B59F-5566F680012A}.Debug|Any CPU.Build.0 = Debug|Any CPU
		{C9FA8AF8-477A-4D49-B59F-5566F680012A}.Debug|x64.ActiveCfg = Debug|Any CPU
		{C9FA8AF8-477A-4D49-B59F-5566F680012A}.Debug|x64.Build.0 = Debug|Any CPU
		{C9FA8AF8-477A-4D49-B59F-5566F680012A}.Debug|x86.ActiveCfg = Debug|Any CPU
		{C9FA8AF8-477A-4D49-B59F-5566F680012A}.Debug|x86.Build.0 = Debug|Any CPU
		{C9FA8AF8-477A-4D49-B59F-5566F680012A}.Release|Any CPU.ActiveCfg = Release|Any CPU
		{C9FA8AF8-477A-4D49-B59F-5566F680012A}.Release|Any CPU.Build.0 = Release|Any CPU
		{C9FA8AF8-477A-4D49-B59F-5566F680012A}.Release|x64.ActiveCfg = Release|Any CPU
		{C9FA8AF8-477A-4D49-B59F-5566F680012A}.Release|x64.Build.0 = Release|Any CPU
		{C9FA8AF8-477A-4D49-B59F-5566F680012A}.Release|x86.ActiveCfg = Release|Any CPU
		{C9FA8AF8-477A-4D49-B59F-5566F680012A}.Release|x86.Build.0 = Release|Any CPU
		{A294720A-F816-4875-A53B-E491190100B6}.Debug|Any CPU.ActiveCfg = Debug|Any CPU
		{A294720A-F816-4875-A53B-E491190100B6}.Debug|Any CPU.Build.0 = Debug|Any CPU
		{A294720A-F816-4875-A53B-E491190100B6}.Debug|x64.ActiveCfg = Debug|Any CPU
		{A294720A-F816-4875-A53B-E491190100B6}.Debug|x64.Build.0 = Debug|Any CPU
		{A294720A-F816-4875-A53B-E491190100B6}.Debug|x86.ActiveCfg = Debug|Any CPU
		{A294720A-F816-4875-A53B-E491190100B6}.Debug|x86.Build.0 = Debug|Any CPU
		{A294720A-F816-4875-A53B-E491190100B6}.Release|Any CPU.ActiveCfg = Release|Any CPU
		{A294720A-F816-4875-A53B-E491190100B6}.Release|Any CPU.Build.0 = Release|Any CPU
		{A294720A-F816-4875-A53B-E491190100B6}.Release|x64.ActiveCfg = Release|Any CPU
		{A294720A-F816-4875-A53B-E491190100B6}.Release|x64.Build.0 = Release|Any CPU
		{A294720A-F816-4875-A53B-E491190100B6}.Release|x86.ActiveCfg = Release|Any CPU
		{A294720A-F816-4875-A53B-E491190100B6}.Release|x86.Build.0 = Release|Any CPU
		{4C050C7C-F1DB-4CD6-986E-71FC3C027E78}.Debug|Any CPU.ActiveCfg = Debug|Any CPU
		{4C050C7C-F1DB-4CD6-986E-71FC3C027E78}.Debug|Any CPU.Build.0 = Debug|Any CPU
		{4C050C7C-F1DB-4CD6-986E-71FC3C027E78}.Debug|x64.ActiveCfg = Debug|Any CPU
		{4C050C7C-F1DB-4CD6-986E-71FC3C027E78}.Debug|x64.Build.0 = Debug|Any CPU
		{4C050C7C-F1DB-4CD6-986E-71FC3C027E78}.Debug|x86.ActiveCfg = Debug|Any CPU
		{4C050C7C-F1DB-4CD6-986E-71FC3C027E78}.Debug|x86.Build.0 = Debug|Any CPU
		{4C050C7C-F1DB-4CD6-986E-71FC3C027E78}.Release|Any CPU.ActiveCfg = Release|Any CPU
		{4C050C7C-F1DB-4CD6-986E-71FC3C027E78}.Release|Any CPU.Build.0 = Release|Any CPU
		{4C050C7C-F1DB-4CD6-986E-71FC3C027E78}.Release|x64.ActiveCfg = Release|Any CPU
		{4C050C7C-F1DB-4CD6-986E-71FC3C027E78}.Release|x64.Build.0 = Release|Any CPU
		{4C050C7C-F1DB-4CD6-986E-71FC3C027E78}.Release|x86.ActiveCfg = Release|Any CPU
		{4C050C7C-F1DB-4CD6-986E-71FC3C027E78}.Release|x86.Build.0 = Release|Any CPU
		{4B73B05E-2883-4D3E-BB6A-F1B16E75F3D1}.Debug|Any CPU.ActiveCfg = Debug|Any CPU
		{4B73B05E-2883-4D3E-BB6A-F1B16E75F3D1}.Debug|Any CPU.Build.0 = Debug|Any CPU
		{4B73B05E-2883-4D3E-BB6A-F1B16E75F3D1}.Debug|x64.ActiveCfg = Debug|Any CPU
		{4B73B05E-2883-4D3E-BB6A-F1B16E75F3D1}.Debug|x64.Build.0 = Debug|Any CPU
		{4B73B05E-2883-4D3E-BB6A-F1B16E75F3D1}.Debug|x86.ActiveCfg = Debug|Any CPU
		{4B73B05E-2883-4D3E-BB6A-F1B16E75F3D1}.Debug|x86.Build.0 = Debug|Any CPU
		{4B73B05E-2883-4D3E-BB6A-F1B16E75F3D1}.Release|Any CPU.ActiveCfg = Release|Any CPU
		{4B73B05E-2883-4D3E-BB6A-F1B16E75F3D1}.Release|Any CPU.Build.0 = Release|Any CPU
		{4B73B05E-2883-4D3E-BB6A-F1B16E75F3D1}.Release|x64.ActiveCfg = Release|Any CPU
		{4B73B05E-2883-4D3E-BB6A-F1B16E75F3D1}.Release|x64.Build.0 = Release|Any CPU
		{4B73B05E-2883-4D3E-BB6A-F1B16E75F3D1}.Release|x86.ActiveCfg = Release|Any CPU
		{4B73B05E-2883-4D3E-BB6A-F1B16E75F3D1}.Release|x86.Build.0 = Release|Any CPU
		{7422C816-0CA2-48A2-BBC0-015C917FAE62}.Debug|Any CPU.ActiveCfg = Debug|Any CPU
		{7422C816-0CA2-48A2-BBC0-015C917FAE62}.Debug|Any CPU.Build.0 = Debug|Any CPU
		{7422C816-0CA2-48A2-BBC0-015C917FAE62}.Debug|x64.ActiveCfg = Debug|Any CPU
		{7422C816-0CA2-48A2-BBC0-015C917FAE62}.Debug|x64.Build.0 = Debug|Any CPU
		{7422C816-0CA2-48A2-BBC0-015C917FAE62}.Debug|x86.ActiveCfg = Debug|Any CPU
		{7422C816-0CA2-48A2-BBC0-015C917FAE62}.Debug|x86.Build.0 = Debug|Any CPU
		{7422C816-0CA2-48A2-BBC0-015C917FAE62}.Release|Any CPU.ActiveCfg = Release|Any CPU
		{7422C816-0CA2-48A2-BBC0-015C917FAE62}.Release|Any CPU.Build.0 = Release|Any CPU
		{7422C816-0CA2-48A2-BBC0-015C917FAE62}.Release|x64.ActiveCfg = Release|Any CPU
		{7422C816-0CA2-48A2-BBC0-015C917FAE62}.Release|x64.Build.0 = Release|Any CPU
		{7422C816-0CA2-48A2-BBC0-015C917FAE62}.Release|x86.ActiveCfg = Release|Any CPU
		{7422C816-0CA2-48A2-BBC0-015C917FAE62}.Release|x86.Build.0 = Release|Any CPU
		{B2DD6011-0013-4B76-9DDB-90F44C3F9EFA}.Debug|Any CPU.ActiveCfg = Debug|Any CPU
		{B2DD6011-0013-4B76-9DDB-90F44C3F9EFA}.Debug|Any CPU.Build.0 = Debug|Any CPU
		{B2DD6011-0013-4B76-9DDB-90F44C3F9EFA}.Debug|x64.ActiveCfg = Debug|Any CPU
		{B2DD6011-0013-4B76-9DDB-90F44C3F9EFA}.Debug|x64.Build.0 = Debug|Any CPU
		{B2DD6011-0013-4B76-9DDB-90F44C3F9EFA}.Debug|x86.ActiveCfg = Debug|Any CPU
		{B2DD6011-0013-4B76-9DDB-90F44C3F9EFA}.Debug|x86.Build.0 = Debug|Any CPU
		{B2DD6011-0013-4B76-9DDB-90F44C3F9EFA}.Release|Any CPU.ActiveCfg = Release|Any CPU
		{B2DD6011-0013-4B76-9DDB-90F44C3F9EFA}.Release|Any CPU.Build.0 = Release|Any CPU
		{B2DD6011-0013-4B76-9DDB-90F44C3F9EFA}.Release|x64.ActiveCfg = Release|Any CPU
		{B2DD6011-0013-4B76-9DDB-90F44C3F9EFA}.Release|x64.Build.0 = Release|Any CPU
		{B2DD6011-0013-4B76-9DDB-90F44C3F9EFA}.Release|x86.ActiveCfg = Release|Any CPU
		{B2DD6011-0013-4B76-9DDB-90F44C3F9EFA}.Release|x86.Build.0 = Release|Any CPU
		{9A59CEFC-1D4E-4DD0-ADA8-9F3D17A65663}.Debug|Any CPU.ActiveCfg = Debug|Any CPU
		{9A59CEFC-1D4E-4DD0-ADA8-9F3D17A65663}.Debug|Any CPU.Build.0 = Debug|Any CPU
		{9A59CEFC-1D4E-4DD0-ADA8-9F3D17A65663}.Debug|x64.ActiveCfg = Debug|Any CPU
		{9A59CEFC-1D4E-4DD0-ADA8-9F3D17A65663}.Debug|x64.Build.0 = Debug|Any CPU
		{9A59CEFC-1D4E-4DD0-ADA8-9F3D17A65663}.Debug|x86.ActiveCfg = Debug|Any CPU
		{9A59CEFC-1D4E-4DD0-ADA8-9F3D17A65663}.Debug|x86.Build.0 = Debug|Any CPU
		{9A59CEFC-1D4E-4DD0-ADA8-9F3D17A65663}.Release|Any CPU.ActiveCfg = Release|Any CPU
		{9A59CEFC-1D4E-4DD0-ADA8-9F3D17A65663}.Release|Any CPU.Build.0 = Release|Any CPU
		{9A59CEFC-1D4E-4DD0-ADA8-9F3D17A65663}.Release|x64.ActiveCfg = Release|Any CPU
		{9A59CEFC-1D4E-4DD0-ADA8-9F3D17A65663}.Release|x64.Build.0 = Release|Any CPU
		{9A59CEFC-1D4E-4DD0-ADA8-9F3D17A65663}.Release|x86.ActiveCfg = Release|Any CPU
		{9A59CEFC-1D4E-4DD0-ADA8-9F3D17A65663}.Release|x86.Build.0 = Release|Any CPU
		{C96085B7-54E1-4BAB-A64E-AAAAB8D46FDC}.Debug|Any CPU.ActiveCfg = Debug|Any CPU
		{C96085B7-54E1-4BAB-A64E-AAAAB8D46FDC}.Debug|Any CPU.Build.0 = Debug|Any CPU
		{C96085B7-54E1-4BAB-A64E-AAAAB8D46FDC}.Debug|x64.ActiveCfg = Debug|Any CPU
		{C96085B7-54E1-4BAB-A64E-AAAAB8D46FDC}.Debug|x64.Build.0 = Debug|Any CPU
		{C96085B7-54E1-4BAB-A64E-AAAAB8D46FDC}.Debug|x86.ActiveCfg = Debug|Any CPU
		{C96085B7-54E1-4BAB-A64E-AAAAB8D46FDC}.Debug|x86.Build.0 = Debug|Any CPU
		{C96085B7-54E1-4BAB-A64E-AAAAB8D46FDC}.Release|Any CPU.ActiveCfg = Release|Any CPU
		{C96085B7-54E1-4BAB-A64E-AAAAB8D46FDC}.Release|Any CPU.Build.0 = Release|Any CPU
		{C96085B7-54E1-4BAB-A64E-AAAAB8D46FDC}.Release|x64.ActiveCfg = Release|Any CPU
		{C96085B7-54E1-4BAB-A64E-AAAAB8D46FDC}.Release|x64.Build.0 = Release|Any CPU
		{C96085B7-54E1-4BAB-A64E-AAAAB8D46FDC}.Release|x86.ActiveCfg = Release|Any CPU
		{C96085B7-54E1-4BAB-A64E-AAAAB8D46FDC}.Release|x86.Build.0 = Release|Any CPU
		{7966F691-7444-40C1-A9D8-67CFF885ED79}.Debug|Any CPU.ActiveCfg = Debug|Any CPU
		{7966F691-7444-40C1-A9D8-67CFF885ED79}.Debug|Any CPU.Build.0 = Debug|Any CPU
		{7966F691-7444-40C1-A9D8-67CFF885ED79}.Debug|x64.ActiveCfg = Debug|Any CPU
		{7966F691-7444-40C1-A9D8-67CFF885ED79}.Debug|x64.Build.0 = Debug|Any CPU
		{7966F691-7444-40C1-A9D8-67CFF885ED79}.Debug|x86.ActiveCfg = Debug|Any CPU
		{7966F691-7444-40C1-A9D8-67CFF885ED79}.Debug|x86.Build.0 = Debug|Any CPU
		{7966F691-7444-40C1-A9D8-67CFF885ED79}.Release|Any CPU.ActiveCfg = Release|Any CPU
		{7966F691-7444-40C1-A9D8-67CFF885ED79}.Release|Any CPU.Build.0 = Release|Any CPU
		{7966F691-7444-40C1-A9D8-67CFF885ED79}.Release|x64.ActiveCfg = Release|Any CPU
		{7966F691-7444-40C1-A9D8-67CFF885ED79}.Release|x64.Build.0 = Release|Any CPU
		{7966F691-7444-40C1-A9D8-67CFF885ED79}.Release|x86.ActiveCfg = Release|Any CPU
		{7966F691-7444-40C1-A9D8-67CFF885ED79}.Release|x86.Build.0 = Release|Any CPU
		{C6A933FC-5EE4-42D8-8374-7E87BEBF2AE3}.Debug|Any CPU.ActiveCfg = Debug|Any CPU
		{C6A933FC-5EE4-42D8-8374-7E87BEBF2AE3}.Debug|Any CPU.Build.0 = Debug|Any CPU
		{C6A933FC-5EE4-42D8-8374-7E87BEBF2AE3}.Debug|x64.ActiveCfg = Debug|Any CPU
		{C6A933FC-5EE4-42D8-8374-7E87BEBF2AE3}.Debug|x64.Build.0 = Debug|Any CPU
		{C6A933FC-5EE4-42D8-8374-7E87BEBF2AE3}.Debug|x86.ActiveCfg = Debug|Any CPU
		{C6A933FC-5EE4-42D8-8374-7E87BEBF2AE3}.Debug|x86.Build.0 = Debug|Any CPU
		{C6A933FC-5EE4-42D8-8374-7E87BEBF2AE3}.Release|Any CPU.ActiveCfg = Release|Any CPU
		{C6A933FC-5EE4-42D8-8374-7E87BEBF2AE3}.Release|Any CPU.Build.0 = Release|Any CPU
		{C6A933FC-5EE4-42D8-8374-7E87BEBF2AE3}.Release|x64.ActiveCfg = Release|Any CPU
		{C6A933FC-5EE4-42D8-8374-7E87BEBF2AE3}.Release|x64.Build.0 = Release|Any CPU
		{C6A933FC-5EE4-42D8-8374-7E87BEBF2AE3}.Release|x86.ActiveCfg = Release|Any CPU
		{C6A933FC-5EE4-42D8-8374-7E87BEBF2AE3}.Release|x86.Build.0 = Release|Any CPU
		{E9541F88-467F-4281-AD99-4C1DA502115A}.Debug|Any CPU.ActiveCfg = Debug|Any CPU
		{E9541F88-467F-4281-AD99-4C1DA502115A}.Debug|Any CPU.Build.0 = Debug|Any CPU
		{E9541F88-467F-4281-AD99-4C1DA502115A}.Debug|x64.ActiveCfg = Debug|Any CPU
		{E9541F88-467F-4281-AD99-4C1DA502115A}.Debug|x64.Build.0 = Debug|Any CPU
		{E9541F88-467F-4281-AD99-4C1DA502115A}.Debug|x86.ActiveCfg = Debug|Any CPU
		{E9541F88-467F-4281-AD99-4C1DA502115A}.Debug|x86.Build.0 = Debug|Any CPU
		{E9541F88-467F-4281-AD99-4C1DA502115A}.Release|Any CPU.ActiveCfg = Release|Any CPU
		{E9541F88-467F-4281-AD99-4C1DA502115A}.Release|Any CPU.Build.0 = Release|Any CPU
		{E9541F88-467F-4281-AD99-4C1DA502115A}.Release|x64.ActiveCfg = Release|Any CPU
		{E9541F88-467F-4281-AD99-4C1DA502115A}.Release|x64.Build.0 = Release|Any CPU
		{E9541F88-467F-4281-AD99-4C1DA502115A}.Release|x86.ActiveCfg = Release|Any CPU
		{E9541F88-467F-4281-AD99-4C1DA502115A}.Release|x86.Build.0 = Release|Any CPU
		{2F84FB8C-D01E-49A0-B5FB-B718D4114971}.Debug|Any CPU.ActiveCfg = Debug|Any CPU
		{2F84FB8C-D01E-49A0-B5FB-B718D4114971}.Debug|Any CPU.Build.0 = Debug|Any CPU
		{2F84FB8C-D01E-49A0-B5FB-B718D4114971}.Debug|x64.ActiveCfg = Debug|Any CPU
		{2F84FB8C-D01E-49A0-B5FB-B718D4114971}.Debug|x64.Build.0 = Debug|Any CPU
		{2F84FB8C-D01E-49A0-B5FB-B718D4114971}.Debug|x86.ActiveCfg = Debug|Any CPU
		{2F84FB8C-D01E-49A0-B5FB-B718D4114971}.Debug|x86.Build.0 = Debug|Any CPU
		{2F84FB8C-D01E-49A0-B5FB-B718D4114971}.Release|Any CPU.ActiveCfg = Release|Any CPU
		{2F84FB8C-D01E-49A0-B5FB-B718D4114971}.Release|Any CPU.Build.0 = Release|Any CPU
		{2F84FB8C-D01E-49A0-B5FB-B718D4114971}.Release|x64.ActiveCfg = Release|Any CPU
		{2F84FB8C-D01E-49A0-B5FB-B718D4114971}.Release|x64.Build.0 = Release|Any CPU
		{2F84FB8C-D01E-49A0-B5FB-B718D4114971}.Release|x86.ActiveCfg = Release|Any CPU
		{2F84FB8C-D01E-49A0-B5FB-B718D4114971}.Release|x86.Build.0 = Release|Any CPU
		{FD786E5E-0E6D-43FC-A19D-CE635619FEA7}.Debug|Any CPU.ActiveCfg = Debug|Any CPU
		{FD786E5E-0E6D-43FC-A19D-CE635619FEA7}.Debug|Any CPU.Build.0 = Debug|Any CPU
		{FD786E5E-0E6D-43FC-A19D-CE635619FEA7}.Debug|x64.ActiveCfg = Debug|Any CPU
		{FD786E5E-0E6D-43FC-A19D-CE635619FEA7}.Debug|x64.Build.0 = Debug|Any CPU
		{FD786E5E-0E6D-43FC-A19D-CE635619FEA7}.Debug|x86.ActiveCfg = Debug|Any CPU
		{FD786E5E-0E6D-43FC-A19D-CE635619FEA7}.Debug|x86.Build.0 = Debug|Any CPU
		{FD786E5E-0E6D-43FC-A19D-CE635619FEA7}.Release|Any CPU.ActiveCfg = Release|Any CPU
		{FD786E5E-0E6D-43FC-A19D-CE635619FEA7}.Release|Any CPU.Build.0 = Release|Any CPU
		{FD786E5E-0E6D-43FC-A19D-CE635619FEA7}.Release|x64.ActiveCfg = Release|Any CPU
		{FD786E5E-0E6D-43FC-A19D-CE635619FEA7}.Release|x64.Build.0 = Release|Any CPU
		{FD786E5E-0E6D-43FC-A19D-CE635619FEA7}.Release|x86.ActiveCfg = Release|Any CPU
		{FD786E5E-0E6D-43FC-A19D-CE635619FEA7}.Release|x86.Build.0 = Release|Any CPU
		{08929EF3-7ACC-4E29-9280-F1281C365698}.Debug|Any CPU.ActiveCfg = Debug|Any CPU
		{08929EF3-7ACC-4E29-9280-F1281C365698}.Debug|Any CPU.Build.0 = Debug|Any CPU
		{08929EF3-7ACC-4E29-9280-F1281C365698}.Debug|x64.ActiveCfg = Debug|Any CPU
		{08929EF3-7ACC-4E29-9280-F1281C365698}.Debug|x64.Build.0 = Debug|Any CPU
		{08929EF3-7ACC-4E29-9280-F1281C365698}.Debug|x86.ActiveCfg = Debug|Any CPU
		{08929EF3-7ACC-4E29-9280-F1281C365698}.Debug|x86.Build.0 = Debug|Any CPU
		{08929EF3-7ACC-4E29-9280-F1281C365698}.Release|Any CPU.ActiveCfg = Release|Any CPU
		{08929EF3-7ACC-4E29-9280-F1281C365698}.Release|Any CPU.Build.0 = Release|Any CPU
		{08929EF3-7ACC-4E29-9280-F1281C365698}.Release|x64.ActiveCfg = Release|Any CPU
		{08929EF3-7ACC-4E29-9280-F1281C365698}.Release|x64.Build.0 = Release|Any CPU
		{08929EF3-7ACC-4E29-9280-F1281C365698}.Release|x86.ActiveCfg = Release|Any CPU
		{08929EF3-7ACC-4E29-9280-F1281C365698}.Release|x86.Build.0 = Release|Any CPU
		{44D9CCC6-9B68-4079-9884-B17995F98521}.Debug|Any CPU.ActiveCfg = Debug|Any CPU
		{44D9CCC6-9B68-4079-9884-B17995F98521}.Debug|Any CPU.Build.0 = Debug|Any CPU
		{44D9CCC6-9B68-4079-9884-B17995F98521}.Debug|x64.ActiveCfg = Debug|Any CPU
		{44D9CCC6-9B68-4079-9884-B17995F98521}.Debug|x64.Build.0 = Debug|Any CPU
		{44D9CCC6-9B68-4079-9884-B17995F98521}.Debug|x86.ActiveCfg = Debug|Any CPU
		{44D9CCC6-9B68-4079-9884-B17995F98521}.Debug|x86.Build.0 = Debug|Any CPU
		{44D9CCC6-9B68-4079-9884-B17995F98521}.Release|Any CPU.ActiveCfg = Release|Any CPU
		{44D9CCC6-9B68-4079-9884-B17995F98521}.Release|Any CPU.Build.0 = Release|Any CPU
		{44D9CCC6-9B68-4079-9884-B17995F98521}.Release|x64.ActiveCfg = Release|Any CPU
		{44D9CCC6-9B68-4079-9884-B17995F98521}.Release|x64.Build.0 = Release|Any CPU
		{44D9CCC6-9B68-4079-9884-B17995F98521}.Release|x86.ActiveCfg = Release|Any CPU
		{44D9CCC6-9B68-4079-9884-B17995F98521}.Release|x86.Build.0 = Release|Any CPU
		{57220094-36D3-42A8-9633-5E8300A15EDA}.Debug|Any CPU.ActiveCfg = Debug|Any CPU
		{57220094-36D3-42A8-9633-5E8300A15EDA}.Debug|Any CPU.Build.0 = Debug|Any CPU
		{57220094-36D3-42A8-9633-5E8300A15EDA}.Debug|x64.ActiveCfg = Debug|Any CPU
		{57220094-36D3-42A8-9633-5E8300A15EDA}.Debug|x64.Build.0 = Debug|Any CPU
		{57220094-36D3-42A8-9633-5E8300A15EDA}.Debug|x86.ActiveCfg = Debug|Any CPU
		{57220094-36D3-42A8-9633-5E8300A15EDA}.Debug|x86.Build.0 = Debug|Any CPU
		{57220094-36D3-42A8-9633-5E8300A15EDA}.Release|Any CPU.ActiveCfg = Release|Any CPU
		{57220094-36D3-42A8-9633-5E8300A15EDA}.Release|Any CPU.Build.0 = Release|Any CPU
		{57220094-36D3-42A8-9633-5E8300A15EDA}.Release|x64.ActiveCfg = Release|Any CPU
		{57220094-36D3-42A8-9633-5E8300A15EDA}.Release|x64.Build.0 = Release|Any CPU
		{57220094-36D3-42A8-9633-5E8300A15EDA}.Release|x86.ActiveCfg = Release|Any CPU
		{57220094-36D3-42A8-9633-5E8300A15EDA}.Release|x86.Build.0 = Release|Any CPU
		{783CB36A-2780-408C-8151-B2EFF9275A74}.Debug|Any CPU.ActiveCfg = Debug|Any CPU
		{783CB36A-2780-408C-8151-B2EFF9275A74}.Debug|Any CPU.Build.0 = Debug|Any CPU
		{783CB36A-2780-408C-8151-B2EFF9275A74}.Debug|x64.ActiveCfg = Debug|Any CPU
		{783CB36A-2780-408C-8151-B2EFF9275A74}.Debug|x64.Build.0 = Debug|Any CPU
		{783CB36A-2780-408C-8151-B2EFF9275A74}.Debug|x86.ActiveCfg = Debug|Any CPU
		{783CB36A-2780-408C-8151-B2EFF9275A74}.Debug|x86.Build.0 = Debug|Any CPU
		{783CB36A-2780-408C-8151-B2EFF9275A74}.Release|Any CPU.ActiveCfg = Release|Any CPU
		{783CB36A-2780-408C-8151-B2EFF9275A74}.Release|Any CPU.Build.0 = Release|Any CPU
		{783CB36A-2780-408C-8151-B2EFF9275A74}.Release|x64.ActiveCfg = Release|Any CPU
		{783CB36A-2780-408C-8151-B2EFF9275A74}.Release|x64.Build.0 = Release|Any CPU
		{783CB36A-2780-408C-8151-B2EFF9275A74}.Release|x86.ActiveCfg = Release|Any CPU
		{783CB36A-2780-408C-8151-B2EFF9275A74}.Release|x86.Build.0 = Release|Any CPU
		{68192C34-11A6-4103-B2BF-D9B2ED0B6460}.Debug|Any CPU.ActiveCfg = Debug|Any CPU
		{68192C34-11A6-4103-B2BF-D9B2ED0B6460}.Debug|Any CPU.Build.0 = Debug|Any CPU
		{68192C34-11A6-4103-B2BF-D9B2ED0B6460}.Debug|x64.ActiveCfg = Debug|Any CPU
		{68192C34-11A6-4103-B2BF-D9B2ED0B6460}.Debug|x64.Build.0 = Debug|Any CPU
		{68192C34-11A6-4103-B2BF-D9B2ED0B6460}.Debug|x86.ActiveCfg = Debug|Any CPU
		{68192C34-11A6-4103-B2BF-D9B2ED0B6460}.Debug|x86.Build.0 = Debug|Any CPU
		{68192C34-11A6-4103-B2BF-D9B2ED0B6460}.Release|Any CPU.ActiveCfg = Release|Any CPU
		{68192C34-11A6-4103-B2BF-D9B2ED0B6460}.Release|Any CPU.Build.0 = Release|Any CPU
		{68192C34-11A6-4103-B2BF-D9B2ED0B6460}.Release|x64.ActiveCfg = Release|Any CPU
		{68192C34-11A6-4103-B2BF-D9B2ED0B6460}.Release|x64.Build.0 = Release|Any CPU
		{68192C34-11A6-4103-B2BF-D9B2ED0B6460}.Release|x86.ActiveCfg = Release|Any CPU
		{68192C34-11A6-4103-B2BF-D9B2ED0B6460}.Release|x86.Build.0 = Release|Any CPU
		{0C5182D8-B558-4229-BCF2-5A6BE3B66734}.Debug|Any CPU.ActiveCfg = Debug|Any CPU
		{0C5182D8-B558-4229-BCF2-5A6BE3B66734}.Debug|Any CPU.Build.0 = Debug|Any CPU
		{0C5182D8-B558-4229-BCF2-5A6BE3B66734}.Debug|x64.ActiveCfg = Debug|Any CPU
		{0C5182D8-B558-4229-BCF2-5A6BE3B66734}.Debug|x64.Build.0 = Debug|Any CPU
		{0C5182D8-B558-4229-BCF2-5A6BE3B66734}.Debug|x86.ActiveCfg = Debug|Any CPU
		{0C5182D8-B558-4229-BCF2-5A6BE3B66734}.Debug|x86.Build.0 = Debug|Any CPU
		{0C5182D8-B558-4229-BCF2-5A6BE3B66734}.Release|Any CPU.ActiveCfg = Release|Any CPU
		{0C5182D8-B558-4229-BCF2-5A6BE3B66734}.Release|Any CPU.Build.0 = Release|Any CPU
		{0C5182D8-B558-4229-BCF2-5A6BE3B66734}.Release|x64.ActiveCfg = Release|Any CPU
		{0C5182D8-B558-4229-BCF2-5A6BE3B66734}.Release|x64.Build.0 = Release|Any CPU
		{0C5182D8-B558-4229-BCF2-5A6BE3B66734}.Release|x86.ActiveCfg = Release|Any CPU
		{0C5182D8-B558-4229-BCF2-5A6BE3B66734}.Release|x86.Build.0 = Release|Any CPU
		{99D9DDF0-6DBE-4A56-B759-D7678E824DD2}.Debug|Any CPU.ActiveCfg = Debug|Any CPU
		{99D9DDF0-6DBE-4A56-B759-D7678E824DD2}.Debug|Any CPU.Build.0 = Debug|Any CPU
		{99D9DDF0-6DBE-4A56-B759-D7678E824DD2}.Debug|x64.ActiveCfg = Debug|Any CPU
		{99D9DDF0-6DBE-4A56-B759-D7678E824DD2}.Debug|x64.Build.0 = Debug|Any CPU
		{99D9DDF0-6DBE-4A56-B759-D7678E824DD2}.Debug|x86.ActiveCfg = Debug|Any CPU
		{99D9DDF0-6DBE-4A56-B759-D7678E824DD2}.Debug|x86.Build.0 = Debug|Any CPU
		{99D9DDF0-6DBE-4A56-B759-D7678E824DD2}.Release|Any CPU.ActiveCfg = Release|Any CPU
		{99D9DDF0-6DBE-4A56-B759-D7678E824DD2}.Release|Any CPU.Build.0 = Release|Any CPU
		{99D9DDF0-6DBE-4A56-B759-D7678E824DD2}.Release|x64.ActiveCfg = Release|Any CPU
		{99D9DDF0-6DBE-4A56-B759-D7678E824DD2}.Release|x64.Build.0 = Release|Any CPU
		{99D9DDF0-6DBE-4A56-B759-D7678E824DD2}.Release|x86.ActiveCfg = Release|Any CPU
		{99D9DDF0-6DBE-4A56-B759-D7678E824DD2}.Release|x86.Build.0 = Release|Any CPU
		{A5F0FC9B-4081-4951-B7A0-3039FBDDC441}.Debug|Any CPU.ActiveCfg = Debug|Any CPU
		{A5F0FC9B-4081-4951-B7A0-3039FBDDC441}.Debug|Any CPU.Build.0 = Debug|Any CPU
		{A5F0FC9B-4081-4951-B7A0-3039FBDDC441}.Debug|x64.ActiveCfg = Debug|Any CPU
		{A5F0FC9B-4081-4951-B7A0-3039FBDDC441}.Debug|x64.Build.0 = Debug|Any CPU
		{A5F0FC9B-4081-4951-B7A0-3039FBDDC441}.Debug|x86.ActiveCfg = Debug|Any CPU
		{A5F0FC9B-4081-4951-B7A0-3039FBDDC441}.Debug|x86.Build.0 = Debug|Any CPU
		{A5F0FC9B-4081-4951-B7A0-3039FBDDC441}.Release|Any CPU.ActiveCfg = Release|Any CPU
		{A5F0FC9B-4081-4951-B7A0-3039FBDDC441}.Release|Any CPU.Build.0 = Release|Any CPU
		{A5F0FC9B-4081-4951-B7A0-3039FBDDC441}.Release|x64.ActiveCfg = Release|Any CPU
		{A5F0FC9B-4081-4951-B7A0-3039FBDDC441}.Release|x64.Build.0 = Release|Any CPU
		{A5F0FC9B-4081-4951-B7A0-3039FBDDC441}.Release|x86.ActiveCfg = Release|Any CPU
		{A5F0FC9B-4081-4951-B7A0-3039FBDDC441}.Release|x86.Build.0 = Release|Any CPU
		{00601EF3-D08C-4957-B290-7A1768B7FF66}.Debug|Any CPU.ActiveCfg = Debug|Any CPU
		{00601EF3-D08C-4957-B290-7A1768B7FF66}.Debug|Any CPU.Build.0 = Debug|Any CPU
		{00601EF3-D08C-4957-B290-7A1768B7FF66}.Debug|x64.ActiveCfg = Debug|Any CPU
		{00601EF3-D08C-4957-B290-7A1768B7FF66}.Debug|x64.Build.0 = Debug|Any CPU
		{00601EF3-D08C-4957-B290-7A1768B7FF66}.Debug|x86.ActiveCfg = Debug|Any CPU
		{00601EF3-D08C-4957-B290-7A1768B7FF66}.Debug|x86.Build.0 = Debug|Any CPU
		{00601EF3-D08C-4957-B290-7A1768B7FF66}.Release|Any CPU.ActiveCfg = Release|Any CPU
		{00601EF3-D08C-4957-B290-7A1768B7FF66}.Release|Any CPU.Build.0 = Release|Any CPU
		{00601EF3-D08C-4957-B290-7A1768B7FF66}.Release|x64.ActiveCfg = Release|Any CPU
		{00601EF3-D08C-4957-B290-7A1768B7FF66}.Release|x64.Build.0 = Release|Any CPU
		{00601EF3-D08C-4957-B290-7A1768B7FF66}.Release|x86.ActiveCfg = Release|Any CPU
		{00601EF3-D08C-4957-B290-7A1768B7FF66}.Release|x86.Build.0 = Release|Any CPU
		{CC2D6A1D-F59F-4EAE-A01E-A72FE4A08D94}.Debug|Any CPU.ActiveCfg = Debug|Any CPU
		{CC2D6A1D-F59F-4EAE-A01E-A72FE4A08D94}.Debug|Any CPU.Build.0 = Debug|Any CPU
		{CC2D6A1D-F59F-4EAE-A01E-A72FE4A08D94}.Debug|x64.ActiveCfg = Debug|Any CPU
		{CC2D6A1D-F59F-4EAE-A01E-A72FE4A08D94}.Debug|x64.Build.0 = Debug|Any CPU
		{CC2D6A1D-F59F-4EAE-A01E-A72FE4A08D94}.Debug|x86.ActiveCfg = Debug|Any CPU
		{CC2D6A1D-F59F-4EAE-A01E-A72FE4A08D94}.Debug|x86.Build.0 = Debug|Any CPU
		{CC2D6A1D-F59F-4EAE-A01E-A72FE4A08D94}.Release|Any CPU.ActiveCfg = Release|Any CPU
		{CC2D6A1D-F59F-4EAE-A01E-A72FE4A08D94}.Release|Any CPU.Build.0 = Release|Any CPU
		{CC2D6A1D-F59F-4EAE-A01E-A72FE4A08D94}.Release|x64.ActiveCfg = Release|Any CPU
		{CC2D6A1D-F59F-4EAE-A01E-A72FE4A08D94}.Release|x64.Build.0 = Release|Any CPU
		{CC2D6A1D-F59F-4EAE-A01E-A72FE4A08D94}.Release|x86.ActiveCfg = Release|Any CPU
		{CC2D6A1D-F59F-4EAE-A01E-A72FE4A08D94}.Release|x86.Build.0 = Release|Any CPU
		{436F8B26-BCCB-485E-8FE3-99D4F31E3F9E}.Debug|Any CPU.ActiveCfg = Debug|Any CPU
		{436F8B26-BCCB-485E-8FE3-99D4F31E3F9E}.Debug|Any CPU.Build.0 = Debug|Any CPU
		{436F8B26-BCCB-485E-8FE3-99D4F31E3F9E}.Debug|x64.ActiveCfg = Debug|Any CPU
		{436F8B26-BCCB-485E-8FE3-99D4F31E3F9E}.Debug|x64.Build.0 = Debug|Any CPU
		{436F8B26-BCCB-485E-8FE3-99D4F31E3F9E}.Debug|x86.ActiveCfg = Debug|Any CPU
		{436F8B26-BCCB-485E-8FE3-99D4F31E3F9E}.Debug|x86.Build.0 = Debug|Any CPU
		{436F8B26-BCCB-485E-8FE3-99D4F31E3F9E}.Release|Any CPU.ActiveCfg = Release|Any CPU
		{436F8B26-BCCB-485E-8FE3-99D4F31E3F9E}.Release|Any CPU.Build.0 = Release|Any CPU
		{436F8B26-BCCB-485E-8FE3-99D4F31E3F9E}.Release|x64.ActiveCfg = Release|Any CPU
		{436F8B26-BCCB-485E-8FE3-99D4F31E3F9E}.Release|x64.Build.0 = Release|Any CPU
		{436F8B26-BCCB-485E-8FE3-99D4F31E3F9E}.Release|x86.ActiveCfg = Release|Any CPU
		{436F8B26-BCCB-485E-8FE3-99D4F31E3F9E}.Release|x86.Build.0 = Release|Any CPU
		{341387F3-2BFE-4681-83C3-2C10837AED32}.Debug|Any CPU.ActiveCfg = Debug|Any CPU
		{341387F3-2BFE-4681-83C3-2C10837AED32}.Debug|Any CPU.Build.0 = Debug|Any CPU
		{341387F3-2BFE-4681-83C3-2C10837AED32}.Debug|x64.ActiveCfg = Debug|Any CPU
		{341387F3-2BFE-4681-83C3-2C10837AED32}.Debug|x64.Build.0 = Debug|Any CPU
		{341387F3-2BFE-4681-83C3-2C10837AED32}.Debug|x86.ActiveCfg = Debug|Any CPU
		{341387F3-2BFE-4681-83C3-2C10837AED32}.Debug|x86.Build.0 = Debug|Any CPU
		{341387F3-2BFE-4681-83C3-2C10837AED32}.Release|Any CPU.ActiveCfg = Release|Any CPU
		{341387F3-2BFE-4681-83C3-2C10837AED32}.Release|Any CPU.Build.0 = Release|Any CPU
		{341387F3-2BFE-4681-83C3-2C10837AED32}.Release|x64.ActiveCfg = Release|Any CPU
		{341387F3-2BFE-4681-83C3-2C10837AED32}.Release|x64.Build.0 = Release|Any CPU
		{341387F3-2BFE-4681-83C3-2C10837AED32}.Release|x86.ActiveCfg = Release|Any CPU
		{341387F3-2BFE-4681-83C3-2C10837AED32}.Release|x86.Build.0 = Release|Any CPU
		{24A0A4ED-4ACB-4AB9-B55C-0CD8EB68329B}.Debug|Any CPU.ActiveCfg = Debug|Any CPU
		{24A0A4ED-4ACB-4AB9-B55C-0CD8EB68329B}.Debug|Any CPU.Build.0 = Debug|Any CPU
		{24A0A4ED-4ACB-4AB9-B55C-0CD8EB68329B}.Debug|x64.ActiveCfg = Debug|Any CPU
		{24A0A4ED-4ACB-4AB9-B55C-0CD8EB68329B}.Debug|x64.Build.0 = Debug|Any CPU
		{24A0A4ED-4ACB-4AB9-B55C-0CD8EB68329B}.Debug|x86.ActiveCfg = Debug|Any CPU
		{24A0A4ED-4ACB-4AB9-B55C-0CD8EB68329B}.Debug|x86.Build.0 = Debug|Any CPU
		{24A0A4ED-4ACB-4AB9-B55C-0CD8EB68329B}.Release|Any CPU.ActiveCfg = Release|Any CPU
		{24A0A4ED-4ACB-4AB9-B55C-0CD8EB68329B}.Release|Any CPU.Build.0 = Release|Any CPU
		{24A0A4ED-4ACB-4AB9-B55C-0CD8EB68329B}.Release|x64.ActiveCfg = Release|Any CPU
		{24A0A4ED-4ACB-4AB9-B55C-0CD8EB68329B}.Release|x64.Build.0 = Release|Any CPU
		{24A0A4ED-4ACB-4AB9-B55C-0CD8EB68329B}.Release|x86.ActiveCfg = Release|Any CPU
		{24A0A4ED-4ACB-4AB9-B55C-0CD8EB68329B}.Release|x86.Build.0 = Release|Any CPU
		{4E6BD32B-CC6F-404B-AE68-300E18C58164}.Debug|Any CPU.ActiveCfg = Debug|Any CPU
		{4E6BD32B-CC6F-404B-AE68-300E18C58164}.Debug|Any CPU.Build.0 = Debug|Any CPU
		{4E6BD32B-CC6F-404B-AE68-300E18C58164}.Debug|x64.ActiveCfg = Debug|Any CPU
		{4E6BD32B-CC6F-404B-AE68-300E18C58164}.Debug|x64.Build.0 = Debug|Any CPU
		{4E6BD32B-CC6F-404B-AE68-300E18C58164}.Debug|x86.ActiveCfg = Debug|Any CPU
		{4E6BD32B-CC6F-404B-AE68-300E18C58164}.Debug|x86.Build.0 = Debug|Any CPU
		{4E6BD32B-CC6F-404B-AE68-300E18C58164}.Release|Any CPU.ActiveCfg = Release|Any CPU
		{4E6BD32B-CC6F-404B-AE68-300E18C58164}.Release|Any CPU.Build.0 = Release|Any CPU
		{4E6BD32B-CC6F-404B-AE68-300E18C58164}.Release|x64.ActiveCfg = Release|Any CPU
		{4E6BD32B-CC6F-404B-AE68-300E18C58164}.Release|x64.Build.0 = Release|Any CPU
		{4E6BD32B-CC6F-404B-AE68-300E18C58164}.Release|x86.ActiveCfg = Release|Any CPU
		{4E6BD32B-CC6F-404B-AE68-300E18C58164}.Release|x86.Build.0 = Release|Any CPU
	EndGlobalSection
	GlobalSection(SolutionProperties) = preSolution
		HideSolutionNode = FALSE
	EndGlobalSection
	GlobalSection(NestedProjects) = preSolution
		{204B90D3-368A-49B8-A484-B82E8792CD8D} = {A4B78FDE-7A04-43E6-BEC8-48094B6671CB}
		{72D46349-E223-4B43-9295-455F0024D0CC} = {F607E63C-CABB-4205-8D99-BDA88242D301}
		{43AE9D14-BC16-4019-9EBD-CA7D1905E720} = {F1B3B1C5-83D5-423E-8157-5B64BC1694C7}
		{6C6111D1-76CB-45F0-9B53-0BDC73627035} = {E7395A0E-4EE6-4480-BD5C-090113121904}
		{CC181334-23BD-4AFB-A475-69A7CE58C6EC} = {ECA19CA6-DB45-4342-B149-F100F9015A59}
		{4700078B-2FF3-4D40-AFCE-A1DD909EF2EA} = {6C83A0BD-7D6C-41D2-AAED-D747D79349E2}
		{B24F0595-F29E-4B67-B5D4-596A6FAA8DBF} = {968D48D3-2727-4586-B48F-81E91A5F8E08}
		{490BA5F1-EB2C-4890-AC9E-8F5C70FBB783} = {9820539E-BD7F-4EEC-8F3D-ABD3BD1E731C}
		{C9FA8AF8-477A-4D49-B59F-5566F680012A} = {FB7441BB-D48F-4958-8D3B-BA920DC534C8}
		{A294720A-F816-4875-A53B-E491190100B6} = {7BA5CEF9-56F7-45A1-979A-4D2080362FB5}
		{4C050C7C-F1DB-4CD6-986E-71FC3C027E78} = {C0770837-B75D-44C5-B95E-BC2B3A88FE36}
		{4B73B05E-2883-4D3E-BB6A-F1B16E75F3D1} = {B2B04CD1-6965-48E0-9C98-51C9F2AB440C}
		{7422C816-0CA2-48A2-BBC0-015C917FAE62} = {7285545E-E053-4208-98C6-1CEFC9903674}
		{B2DD6011-0013-4B76-9DDB-90F44C3F9EFA} = {EF91BBC2-284A-4AD0-83D7-4C2F0C059A7A}
		{9A59CEFC-1D4E-4DD0-ADA8-9F3D17A65663} = {8AFEE3D4-A0D5-4B20-83B6-3A39C61B8AE4}
		{C96085B7-54E1-4BAB-A64E-AAAAB8D46FDC} = {C7A3FEA7-6E87-4977-9205-853FC9DC455D}
		{7966F691-7444-40C1-A9D8-67CFF885ED79} = {84F0043B-6DC2-4FC7-92D7-614AB13D3B2D}
		{C6A933FC-5EE4-42D8-8374-7E87BEBF2AE3} = {65198ADF-E2D0-4807-B1D5-D42AD83A0190}
		{E9541F88-467F-4281-AD99-4C1DA502115A} = {B3C12E52-1DA5-4672-8B20-E8730067B226}
		{2F84FB8C-D01E-49A0-B5FB-B718D4114971} = {CB8BD4AB-5CC4-4469-B35C-004623C37526}
		{FD786E5E-0E6D-43FC-A19D-CE635619FEA7} = {70BEEE79-5F0F-4F6F-AC0B-02F56DCDB2ED}
		{08929EF3-7ACC-4E29-9280-F1281C365698} = {9B27C1F8-DF9C-4A49-B842-B31487D7EC9D}
		{44D9CCC6-9B68-4079-9884-B17995F98521} = {E37C3480-24FB-4F85-963A-A70D65AD9EBE}
		{57220094-36D3-42A8-9633-5E8300A15EDA} = {E6AD82EF-7F90-43D0-9235-E8A2D89C6A06}
		{783CB36A-2780-408C-8151-B2EFF9275A74} = {295EA769-928B-44EE-9847-3A6BC9AC8105}
		{68192C34-11A6-4103-B2BF-D9B2ED0B6460} = {D5BA18E3-518D-4C1A-A5AA-5C40BDA27DC2}
		{0C5182D8-B558-4229-BCF2-5A6BE3B66734} = {6DB92906-3731-4831-8568-4D38F8DF6C77}
		{99D9DDF0-6DBE-4A56-B759-D7678E824DD2} = {5153F84B-5756-4C36-9B1E-62AF68E15E1A}
		{A5F0FC9B-4081-4951-B7A0-3039FBDDC441} = {A912A3C1-7D57-4034-8227-8077B129BA17}
		{00601EF3-D08C-4957-B290-7A1768B7FF66} = {12793D12-81A5-4259-9D54-529016BB937A}
		{CC2D6A1D-F59F-4EAE-A01E-A72FE4A08D94} = {02B85705-F83A-445C-AC9D-C9C7EA56A67B}
		{436F8B26-BCCB-485E-8FE3-99D4F31E3F9E} = {AACC789C-BAAF-4FD7-830E-1BD321CDB357}
		{341387F3-2BFE-4681-83C3-2C10837AED32} = {41AC6445-A6CA-4B59-B4D1-1EE35A784387}
		{24A0A4ED-4ACB-4AB9-B55C-0CD8EB68329B} = {E177C8E0-2ADA-4328-9FD3-DD41ADB357A9}
		{A4B78FDE-7A04-43E6-BEC8-48094B6671CB} = {9B3C264B-9DA8-4BB4-9579-23D479BFFDA8}
		{F607E63C-CABB-4205-8D99-BDA88242D301} = {9B3C264B-9DA8-4BB4-9579-23D479BFFDA8}
		{F1B3B1C5-83D5-423E-8157-5B64BC1694C7} = {9B3C264B-9DA8-4BB4-9579-23D479BFFDA8}
		{E7395A0E-4EE6-4480-BD5C-090113121904} = {9B3C264B-9DA8-4BB4-9579-23D479BFFDA8}
		{ECA19CA6-DB45-4342-B149-F100F9015A59} = {9B3C264B-9DA8-4BB4-9579-23D479BFFDA8}
		{6C83A0BD-7D6C-41D2-AAED-D747D79349E2} = {9B3C264B-9DA8-4BB4-9579-23D479BFFDA8}
		{968D48D3-2727-4586-B48F-81E91A5F8E08} = {9B3C264B-9DA8-4BB4-9579-23D479BFFDA8}
		{9820539E-BD7F-4EEC-8F3D-ABD3BD1E731C} = {9B3C264B-9DA8-4BB4-9579-23D479BFFDA8}
		{FB7441BB-D48F-4958-8D3B-BA920DC534C8} = {9B3C264B-9DA8-4BB4-9579-23D479BFFDA8}
		{7BA5CEF9-56F7-45A1-979A-4D2080362FB5} = {9B3C264B-9DA8-4BB4-9579-23D479BFFDA8}
		{C0770837-B75D-44C5-B95E-BC2B3A88FE36} = {9B3C264B-9DA8-4BB4-9579-23D479BFFDA8}
		{B2B04CD1-6965-48E0-9C98-51C9F2AB440C} = {9B3C264B-9DA8-4BB4-9579-23D479BFFDA8}
		{7285545E-E053-4208-98C6-1CEFC9903674} = {26D7F1FA-776E-44C4-9E21-1B22A46987AA}
		{EF91BBC2-284A-4AD0-83D7-4C2F0C059A7A} = {26D7F1FA-776E-44C4-9E21-1B22A46987AA}
		{8AFEE3D4-A0D5-4B20-83B6-3A39C61B8AE4} = {26D7F1FA-776E-44C4-9E21-1B22A46987AA}
		{C7A3FEA7-6E87-4977-9205-853FC9DC455D} = {26D7F1FA-776E-44C4-9E21-1B22A46987AA}
		{84F0043B-6DC2-4FC7-92D7-614AB13D3B2D} = {26D7F1FA-776E-44C4-9E21-1B22A46987AA}
		{26D7F1FA-776E-44C4-9E21-1B22A46987AA} = {9B3C264B-9DA8-4BB4-9579-23D479BFFDA8}
		{65198ADF-E2D0-4807-B1D5-D42AD83A0190} = {9B3C264B-9DA8-4BB4-9579-23D479BFFDA8}
		{B3C12E52-1DA5-4672-8B20-E8730067B226} = {F7A49267-C058-4A08-A400-FA8D017C9800}
		{CB8BD4AB-5CC4-4469-B35C-004623C37526} = {7C95DE15-DE77-4546-84FD-D22A863B4227}
		{7C95DE15-DE77-4546-84FD-D22A863B4227} = {F7A49267-C058-4A08-A400-FA8D017C9800}
		{E37C3480-24FB-4F85-963A-A70D65AD9EBE} = {6A9C3A24-B67A-4642-AF26-152F5A82EDF4}
		{E6AD82EF-7F90-43D0-9235-E8A2D89C6A06} = {6A9C3A24-B67A-4642-AF26-152F5A82EDF4}
		{295EA769-928B-44EE-9847-3A6BC9AC8105} = {6A9C3A24-B67A-4642-AF26-152F5A82EDF4}
		{D5BA18E3-518D-4C1A-A5AA-5C40BDA27DC2} = {6A9C3A24-B67A-4642-AF26-152F5A82EDF4}
		{6DB92906-3731-4831-8568-4D38F8DF6C77} = {6A9C3A24-B67A-4642-AF26-152F5A82EDF4}
		{5153F84B-5756-4C36-9B1E-62AF68E15E1A} = {6A9C3A24-B67A-4642-AF26-152F5A82EDF4}
		{A912A3C1-7D57-4034-8227-8077B129BA17} = {6A9C3A24-B67A-4642-AF26-152F5A82EDF4}
		{12793D12-81A5-4259-9D54-529016BB937A} = {19B0A502-F206-4E8E-B60F-9700E0C7D207}
		{02B85705-F83A-445C-AC9D-C9C7EA56A67B} = {19B0A502-F206-4E8E-B60F-9700E0C7D207}
		{AACC789C-BAAF-4FD7-830E-1BD321CDB357} = {19B0A502-F206-4E8E-B60F-9700E0C7D207}
		{41AC6445-A6CA-4B59-B4D1-1EE35A784387} = {19B0A502-F206-4E8E-B60F-9700E0C7D207}
		{19B0A502-F206-4E8E-B60F-9700E0C7D207} = {6A9C3A24-B67A-4642-AF26-152F5A82EDF4}
		{E177C8E0-2ADA-4328-9FD3-DD41ADB357A9} = {859DA9E0-5B2E-449E-9E95-223C9D2770A1}
		{8DAC2897-3B5E-0E96-2A84-4EC2610D5356} = {827E0CD3-B72D-47B6-A68D-7590B98EB39B}
		{4E6BD32B-CC6F-404B-AE68-300E18C58164} = {8DAC2897-3B5E-0E96-2A84-4EC2610D5356}
	EndGlobalSection
	GlobalSection(ExtensibilityGlobals) = postSolution
		SolutionGuid = {243B26F8-4A98-46C2-A906-7B8CE0DA5B1E}
	EndGlobalSection
EndGlobal
