Microsoft Visual Studio Solution File, Format Version 12.00
Project("{9A19103F-16F7-4668-BE54-9A1E7A4F7556}") = "CurriculumSummary", "src\Features\CurriculumSummary\CurriculumSummary.csproj", "{720ADB3D-40B6-49F4-8049-55044613A237}"
EndProject
Project("{9A19103F-16F7-4668-BE54-9A1E7A4F7556}") = "ConvertDocToDocx", "src\Features\ConvertDocToDocx\ConvertDocToDocx.csproj", "{F93850AD-29DC-4FB2-B999-2947AB8A9123}"
EndProject
Project("{9A19103F-16F7-4668-BE54-9A1E7A4F7556}") = "ConvertDocToDocxLibrary", "src\Features\ConvertDocToDocxLibrary\ConvertDocToDocxLibrary.csproj", "{37F83466-136B-455D-AAF6-2320E1D55996}"
EndProject
Project("{9A19103F-16F7-4668-BE54-9A1E7A4F7556}") = "CurriculumDownload", "src\Features\CurriculumDownload\CurriculumDownload.csproj", "{F13CE012-E34B-4E27-A5DD-B16C4B70ECF3}"
EndProject
Project("{9A19103F-16F7-4668-BE54-9A1E7A4F7556}") = "CurriculumShared", "src\Features\CurriculumShared\CurriculumShared.csproj", "{C1BFED4E-FD16-45DE-A2FD-1F8A6E27D3E0}"
EndProject
Project("{9A19103F-16F7-4668-BE54-9A1E7A4F7556}") = "DocsTemplates", "src\Features\DocsTemplates\DocsTemplates.csproj", "{FEA9CAEC-A247-478B-B3A2-33DF354CDC22}"
EndProject
Project("{9A19103F-16F7-4668-BE54-9A1E7A4F7556}") = "JsonWebsiteSchedule", "src\Features\JsonWebsiteSchedule\JsonWebsiteSchedule.csproj", "{17874AFC-995A-4829-ABE4-369427AD323A}"
EndProject
Project("{9A19103F-16F7-4668-BE54-9A1E7A4F7556}") = "Anton.LayeredConfig", "src\Features\LayeredConfig\Anton.LayeredConfig.csproj", "{81353D5F-73DF-43F1-8490-E14B0FF46064}"
EndProject
Project("{9A19103F-16F7-4668-BE54-9A1E7A4F7556}") = "MoodleInterop", "src\Features\MoodleInterop\MoodleInterop.csproj", "{C482B23A-F226-42EE-BB7E-31319F65D9C2}"
EndProject
Project("{9A19103F-16F7-4668-BE54-9A1E7A4F7556}") = "OnlineRegistry", "src\Features\OnlineRegistry\OnlineRegistry.csproj", "{8252DD6E-6FED-4E56-B5F1-DE212FF1363B}"
EndProject
Project("{9A19103F-16F7-4668-BE54-9A1E7A4F7556}") = "BuilderNewTests.Tests", "src\Features\Tests\BuilderNewTests\BuilderNewTests.Tests.csproj", "{F4940449-FE14-4FCC-A1AC-E32D7B6F8F89}"
EndProject
Project("{9A19103F-16F7-4668-BE54-9A1E7A4F7556}") = "Curriculum.Tests", "src\Features\Tests\Curriculum\Curriculum.Tests.csproj", "{01045560-E0AF-4BF1-B7B3-993E96C8921E}"
EndProject
Project("{9A19103F-16F7-4668-BE54-9A1E7A4F7556}") = "OnlineRegistry.Tests", "src\Features\Tests\OnlineRegistry\OnlineRegistry.Tests.csproj", "{DDE0FF03-B1B2-496E-B1F9-69AF9BB13669}"
EndProject
Project("{9A19103F-16F7-4668-BE54-9A1E7A4F7556}") = "WebsiteJsonSchedule.Tests", "src\Features\Tests\WebsiteJsonSchedule\WebsiteJsonSchedule.Tests.csproj", "{9B0C5E84-42E4-478E-9D9E-3862E7CC492D}"
EndProject
Project("{9A19103F-16F7-4668-BE54-9A1E7A4F7556}") = "MainCli", "src\MainCli\MainCli.csproj", "{85193FA4-DC68-4E0E-BF67-EB3E42210567}"
EndProject
Project("{9A19103F-16F7-4668-BE54-9A1E7A4F7556}") = "ScheduleDefaults", "src\ScheduleDefaults\ScheduleDefaults.csproj", "{DC7E3A86-9A0D-4050-91DC-57A8754DCBD1}"
EndProject
Project("{9A19103F-16F7-4668-BE54-9A1E7A4F7556}") = "ScheduleLib.Core", "src\ScheduleLib\ScheduleLib.Core\ScheduleLib.Core.csproj", "{A521F670-1420-4387-BD0B-1768F02703E2}"
EndProject
Project("{9A19103F-16F7-4668-BE54-9A1E7A4F7556}") = "ScheduleLib.Dates", "src\ScheduleLib\ScheduleLib.Dates\ScheduleLib.Dates.csproj", "{05988E61-6357-40F4-AC2C-600D1600A000}"
EndProject
Project("{9A19103F-16F7-4668-BE54-9A1E7A4F7556}") = "ScheduleLib.Generator.Pdf", "src\ScheduleLib\ScheduleLib.Generator.Pdf\ScheduleLib.Generator.Pdf.csproj", "{9A31FCA5-E233-4AA9-AFAE-F4AD02B6AAC2}"
EndProject
Project("{9A19103F-16F7-4668-BE54-9A1E7A4F7556}") = "ScheduleLib.Helper.Excel", "src\ScheduleLib\ScheduleLib.Helper.Excel\ScheduleLib.Helper.Excel.csproj", "{9C637C08-ABBC-40DE-B97F-73961D609714}"
EndProject
Project("{9A19103F-16F7-4668-BE54-9A1E7A4F7556}") = "ScheduleLib.Helper", "src\ScheduleLib\ScheduleLib.Helper\ScheduleLib.Helper.csproj", "{89B38FC2-7840-433A-B2A4-85F9EA8703E3}"
EndProject
Project("{9A19103F-16F7-4668-BE54-9A1E7A4F7556}") = "ScheduleLib.Scraping.Common", "src\ScheduleLib\ScheduleLib.Scraping.Common\ScheduleLib.Scraping.Common.csproj", "{01D55343-0974-4516-9973-A75A42767DC1}"
EndProject
Project("{9A19103F-16F7-4668-BE54-9A1E7A4F7556}") = "Helper.Tests", "src\ScheduleLib\Tests\Helper\Helper.Tests.csproj", "{4F829F15-8EC0-461E-8CE6-47CC0D78F85D}"
EndProject
Project("{9A19103F-16F7-4668-BE54-9A1E7A4F7556}") = "Parser.Tests", "src\ScheduleLib\Tests\Parser\Parser.Tests.csproj", "{78FDEBB6-3BCB-41EF-96E8-5C5DEDEF6BD0}"
EndProject
Project("{9A19103F-16F7-4668-BE54-9A1E7A4F7556}") = "ScheduleCommon", "src\ScheduleLib\Tests\ScheduleCommon\ScheduleCommon.csproj", "{85707964-2353-4397-B38C-7DD6D6AC119A}"
EndProject
Project("{9A19103F-16F7-4668-BE54-9A1E7A4F7556}") = "ScheduleFromDoc.Tests", "src\ScheduleLib\Tests\ScheduleFromDoc\ScheduleFromDoc.Tests.csproj", "{22E68C63-060D-4EED-A7A0-27CBDA57D4DC}"
EndProject
Project("{9A19103F-16F7-4668-BE54-9A1E7A4F7556}") = "Tests.Common", "src\Tests\Common\Tests.Common.csproj", "{22E45ADB-23BA-4437-855B-31F53A2CD746}"
EndProject
Project("{2150E333-8FDC-42A3-9474-1A3956D46DE8}") = "ConvertDocToDocx", "src\Features\ConvertDocToDocx", "{7EEB29E2-8D74-45FA-8CC3-348062DEEF7F}"
EndProject
Project("{2150E333-8FDC-42A3-9474-1A3956D46DE8}") = "ConvertDocToDocxLibrary", "src\Features\ConvertDocToDocxLibrary", "{7A09EAC8-F216-427D-8342-D1B201D2F45C}"
EndProject
Project("{2150E333-8FDC-42A3-9474-1A3956D46DE8}") = "CurriculumDownload", "src\Features\CurriculumDownload", "{CBCCEA39-E075-40B5-93D4-183828A1CE9D}"
EndProject
Project("{2150E333-8FDC-42A3-9474-1A3956D46DE8}") = "CurriculumShared", "src\Features\CurriculumShared", "{307BE40B-7CA7-40A5-A469-4E202AF4628D}"
EndProject
Project("{2150E333-8FDC-42A3-9474-1A3956D46DE8}") = "DocsTemplates", "src\Features\DocsTemplates", "{EBA4E5E3-C312-4518-93F6-47E76B6B90D0}"
EndProject
Project("{2150E333-8FDC-42A3-9474-1A3956D46DE8}") = "JsonWebsiteSchedule", "src\Features\JsonWebsiteSchedule", "{1975E6E6-587D-403B-B84C-ABAFA2DDCBCD}"
EndProject
Project("{2150E333-8FDC-42A3-9474-1A3956D46DE8}") = "LayeredConfig", "src\Features\LayeredConfig", "{7FA924B4-01AF-4D73-BFDC-5A489A442C91}"
EndProject
Project("{2150E333-8FDC-42A3-9474-1A3956D46DE8}") = "MoodleInterop", "src\Features\MoodleInterop", "{5E4D55DE-6052-49C6-A40B-0656C98DD337}"
EndProject
Project("{2150E333-8FDC-42A3-9474-1A3956D46DE8}") = "OnlineRegistry", "src\Features\OnlineRegistry", "{42D007B8-DB1E-4667-8897-F80923A91438}"
EndProject
Project("{2150E333-8FDC-42A3-9474-1A3956D46DE8}") = "BuilderNewTests", "src\Features\Tests\BuilderNewTests", "{37E88D41-7566-48DA-AC7F-175F62352550}"
EndProject
Project("{2150E333-8FDC-42A3-9474-1A3956D46DE8}") = "Curriculum", "src\Features\Tests\Curriculum", "{DA45AFF4-390C-49A5-B273-280F0106CC11}"
EndProject
Project("{2150E333-8FDC-42A3-9474-1A3956D46DE8}") = "OnlineRegistry", "src\Features\Tests\OnlineRegistry", "{4FFE5B2E-A5C2-4DA0-831B-82AE692EF2A4}"
EndProject
Project("{2150E333-8FDC-42A3-9474-1A3956D46DE8}") = "WebsiteJsonSchedule", "src\Features\Tests\WebsiteJsonSchedule", "{6E1FB163-29B1-4B9F-94AB-A6E8719851C4}"
EndProject
Project("{2150E333-8FDC-42A3-9474-1A3956D46DE8}") = "Tests", "src\Features\Tests", "{D3B94C9A-78BA-4E34-B66B-07312D867DA7}"
EndProject
Project("{2150E333-8FDC-42A3-9474-1A3956D46DE8}") = "Features", "src\Features", "{FE29C1E8-F540-417F-9E81-4F5CD520B843}"
EndProject
Project("{2150E333-8FDC-42A3-9474-1A3956D46DE8}") = "MainCli", "src\MainCli", "{802927C6-C22D-4489-A174-43CC16D4A00D}"
EndProject
Project("{2150E333-8FDC-42A3-9474-1A3956D46DE8}") = "ScheduleDefaults", "src\ScheduleDefaults", "{51476BB8-A49F-4F78-A27E-389D8550A235}"
EndProject
Project("{2150E333-8FDC-42A3-9474-1A3956D46DE8}") = "ScheduleLib.Core", "src\ScheduleLib\ScheduleLib.Core", "{518E440B-25A4-49BE-ACB8-57E8474D8403}"
EndProject
Project("{2150E333-8FDC-42A3-9474-1A3956D46DE8}") = "ScheduleLib.Dates", "src\ScheduleLib\ScheduleLib.Dates", "{34CE2DDA-EFED-4F3F-945B-08C3E3681CF4}"
EndProject
Project("{2150E333-8FDC-42A3-9474-1A3956D46DE8}") = "ScheduleLib.Generator.Pdf", "src\ScheduleLib\ScheduleLib.Generator.Pdf", "{B7AE8366-1E0E-44EE-84F2-F708D3CE9E84}"
EndProject
Project("{2150E333-8FDC-42A3-9474-1A3956D46DE8}") = "ScheduleLib.Helper.Excel", "src\ScheduleLib\ScheduleLib.Helper.Excel", "{149256B5-84BE-4F31-9227-3EA8E1D8A639}"
EndProject
Project("{2150E333-8FDC-42A3-9474-1A3956D46DE8}") = "ScheduleLib.Helper", "src\ScheduleLib\ScheduleLib.Helper", "{25AC506A-12FE-4967-841B-04B5EE9ABFB8}"
EndProject
Project("{2150E333-8FDC-42A3-9474-1A3956D46DE8}") = "ScheduleLib.Scraping.Common", "src\ScheduleLib\ScheduleLib.Scraping.Common", "{20A55475-82F1-4DE6-B1C2-9F05F595E142}"
EndProject
Project("{2150E333-8FDC-42A3-9474-1A3956D46DE8}") = "Helper", "src\ScheduleLib\Tests\Helper", "{CDDD1A9E-38E8-453B-A5EB-6B767653D380}"
EndProject
Project("{2150E333-8FDC-42A3-9474-1A3956D46DE8}") = "Parser", "src\ScheduleLib\Tests\Parser", "{2DCA2541-3C1B-4FE8-AE5D-F86F4D7B879D}"
EndProject
Project("{2150E333-8FDC-42A3-9474-1A3956D46DE8}") = "ScheduleCommon", "src\ScheduleLib\Tests\ScheduleCommon", "{51A1A594-5541-4B6A-9612-0B8A38E12102}"
EndProject
Project("{2150E333-8FDC-42A3-9474-1A3956D46DE8}") = "ScheduleFromDoc", "src\ScheduleLib\Tests\ScheduleFromDoc", "{753E630F-1106-47FD-801D-CE162CFE7677}"
EndProject
Project("{2150E333-8FDC-42A3-9474-1A3956D46DE8}") = "Tests", "src\ScheduleLib\Tests", "{7A487D25-7BAB-493A-8276-28EEF5956321}"
EndProject
Project("{2150E333-8FDC-42A3-9474-1A3956D46DE8}") = "ScheduleLib", "src\ScheduleLib", "{CDC84298-416A-4A68-9B3B-6DE81AEFBD11}"
EndProject
Project("{2150E333-8FDC-42A3-9474-1A3956D46DE8}") = "Common", "src\Tests\Common", "{CD2B7995-D00C-4D63-A8E6-813D94A8EA74}"
EndProject
Project("{2150E333-8FDC-42A3-9474-1A3956D46DE8}") = "Tests", "src\Tests", "{63203932-97AB-41E5-986A-DB7CF03AE3AD}"
EndProject
Global
	GlobalSection(SolutionConfigurationPlatforms) = preSolution
		Debug|Any CPU = Debug|Any CPU
		Release|Any CPU = Release|Any CPU
	EndGlobalSection
	GlobalSection(ProjectConfigurationPlatforms) = postSolution
		{720ADB3D-40B6-49F4-8049-55044613A237}.Debug|Any CPU.ActiveCfg = Debug|Any CPU
		{720ADB3D-40B6-49F4-8049-55044613A237}.Debug|Any CPU.Build.0 = Debug|Any CPU
		{720ADB3D-40B6-49F4-8049-55044613A237}.Release|Any CPU.ActiveCfg = Release|Any CPU
		{720ADB3D-40B6-49F4-8049-55044613A237}.Release|Any CPU.Build.0 = Release|Any CPU
		{F93850AD-29DC-4FB2-B999-2947AB8A9123}.Debug|Any CPU.ActiveCfg = Debug|Any CPU
		{F93850AD-29DC-4FB2-B999-2947AB8A9123}.Debug|Any CPU.Build.0 = Debug|Any CPU
		{F93850AD-29DC-4FB2-B999-2947AB8A9123}.Release|Any CPU.ActiveCfg = Release|Any CPU
		{F93850AD-29DC-4FB2-B999-2947AB8A9123}.Release|Any CPU.Build.0 = Release|Any CPU
		{37F83466-136B-455D-AAF6-2320E1D55996}.Debug|Any CPU.ActiveCfg = Debug|Any CPU
		{37F83466-136B-455D-AAF6-2320E1D55996}.Debug|Any CPU.Build.0 = Debug|Any CPU
		{37F83466-136B-455D-AAF6-2320E1D55996}.Release|Any CPU.ActiveCfg = Release|Any CPU
		{37F83466-136B-455D-AAF6-2320E1D55996}.Release|Any CPU.Build.0 = Release|Any CPU
		{F13CE012-E34B-4E27-A5DD-B16C4B70ECF3}.Debug|Any CPU.ActiveCfg = Debug|Any CPU
		{F13CE012-E34B-4E27-A5DD-B16C4B70ECF3}.Debug|Any CPU.Build.0 = Debug|Any CPU
		{F13CE012-E34B-4E27-A5DD-B16C4B70ECF3}.Release|Any CPU.ActiveCfg = Release|Any CPU
		{F13CE012-E34B-4E27-A5DD-B16C4B70ECF3}.Release|Any CPU.Build.0 = Release|Any CPU
		{C1BFED4E-FD16-45DE-A2FD-1F8A6E27D3E0}.Debug|Any CPU.ActiveCfg = Debug|Any CPU
		{C1BFED4E-FD16-45DE-A2FD-1F8A6E27D3E0}.Debug|Any CPU.Build.0 = Debug|Any CPU
		{C1BFED4E-FD16-45DE-A2FD-1F8A6E27D3E0}.Release|Any CPU.ActiveCfg = Release|Any CPU
		{C1BFED4E-FD16-45DE-A2FD-1F8A6E27D3E0}.Release|Any CPU.Build.0 = Release|Any CPU
		{FEA9CAEC-A247-478B-B3A2-33DF354CDC22}.Debug|Any CPU.ActiveCfg = Debug|Any CPU
		{FEA9CAEC-A247-478B-B3A2-33DF354CDC22}.Debug|Any CPU.Build.0 = Debug|Any CPU
		{FEA9CAEC-A247-478B-B3A2-33DF354CDC22}.Release|Any CPU.ActiveCfg = Release|Any CPU
		{FEA9CAEC-A247-478B-B3A2-33DF354CDC22}.Release|Any CPU.Build.0 = Release|Any CPU
		{17874AFC-995A-4829-ABE4-369427AD323A}.Debug|Any CPU.ActiveCfg = Debug|Any CPU
		{17874AFC-995A-4829-ABE4-369427AD323A}.Debug|Any CPU.Build.0 = Debug|Any CPU
		{17874AFC-995A-4829-ABE4-369427AD323A}.Release|Any CPU.ActiveCfg = Release|Any CPU
		{17874AFC-995A-4829-ABE4-369427AD323A}.Release|Any CPU.Build.0 = Release|Any CPU
		{81353D5F-73DF-43F1-8490-E14B0FF46064}.Debug|Any CPU.ActiveCfg = Debug|Any CPU
		{81353D5F-73DF-43F1-8490-E14B0FF46064}.Debug|Any CPU.Build.0 = Debug|Any CPU
		{81353D5F-73DF-43F1-8490-E14B0FF46064}.Release|Any CPU.ActiveCfg = Release|Any CPU
		{81353D5F-73DF-43F1-8490-E14B0FF46064}.Release|Any CPU.Build.0 = Release|Any CPU
		{C482B23A-F226-42EE-BB7E-31319F65D9C2}.Debug|Any CPU.ActiveCfg = Debug|Any CPU
		{C482B23A-F226-42EE-BB7E-31319F65D9C2}.Debug|Any CPU.Build.0 = Debug|Any CPU
		{C482B23A-F226-42EE-BB7E-31319F65D9C2}.Release|Any CPU.ActiveCfg = Release|Any CPU
		{C482B23A-F226-42EE-BB7E-31319F65D9C2}.Release|Any CPU.Build.0 = Release|Any CPU
		{8252DD6E-6FED-4E56-B5F1-DE212FF1363B}.Debug|Any CPU.ActiveCfg = Debug|Any CPU
		{8252DD6E-6FED-4E56-B5F1-DE212FF1363B}.Debug|Any CPU.Build.0 = Debug|Any CPU
		{8252DD6E-6FED-4E56-B5F1-DE212FF1363B}.Release|Any CPU.ActiveCfg = Release|Any CPU
		{8252DD6E-6FED-4E56-B5F1-DE212FF1363B}.Release|Any CPU.Build.0 = Release|Any CPU
		{F4940449-FE14-4FCC-A1AC-E32D7B6F8F89}.Debug|Any CPU.ActiveCfg = Debug|Any CPU
		{F4940449-FE14-4FCC-A1AC-E32D7B6F8F89}.Debug|Any CPU.Build.0 = Debug|Any CPU
		{F4940449-FE14-4FCC-A1AC-E32D7B6F8F89}.Release|Any CPU.ActiveCfg = Release|Any CPU
		{F4940449-FE14-4FCC-A1AC-E32D7B6F8F89}.Release|Any CPU.Build.0 = Release|Any CPU
		{01045560-E0AF-4BF1-B7B3-993E96C8921E}.Debug|Any CPU.ActiveCfg = Debug|Any CPU
		{01045560-E0AF-4BF1-B7B3-993E96C8921E}.Debug|Any CPU.Build.0 = Debug|Any CPU
		{01045560-E0AF-4BF1-B7B3-993E96C8921E}.Release|Any CPU.ActiveCfg = Release|Any CPU
		{01045560-E0AF-4BF1-B7B3-993E96C8921E}.Release|Any CPU.Build.0 = Release|Any CPU
		{DDE0FF03-B1B2-496E-B1F9-69AF9BB13669}.Debug|Any CPU.ActiveCfg = Debug|Any CPU
		{DDE0FF03-B1B2-496E-B1F9-69AF9BB13669}.Debug|Any CPU.Build.0 = Debug|Any CPU
		{DDE0FF03-B1B2-496E-B1F9-69AF9BB13669}.Release|Any CPU.ActiveCfg = Release|Any CPU
		{DDE0FF03-B1B2-496E-B1F9-69AF9BB13669}.Release|Any CPU.Build.0 = Release|Any CPU
		{9B0C5E84-42E4-478E-9D9E-3862E7CC492D}.Debug|Any CPU.ActiveCfg = Debug|Any CPU
		{9B0C5E84-42E4-478E-9D9E-3862E7CC492D}.Debug|Any CPU.Build.0 = Debug|Any CPU
		{9B0C5E84-42E4-478E-9D9E-3862E7CC492D}.Release|Any CPU.ActiveCfg = Release|Any CPU
		{9B0C5E84-42E4-478E-9D9E-3862E7CC492D}.Release|Any CPU.Build.0 = Release|Any CPU
		{85193FA4-DC68-4E0E-BF67-EB3E42210567}.Debug|Any CPU.ActiveCfg = Debug|Any CPU
		{85193FA4-DC68-4E0E-BF67-EB3E42210567}.Debug|Any CPU.Build.0 = Debug|Any CPU
		{85193FA4-DC68-4E0E-BF67-EB3E42210567}.Release|Any CPU.ActiveCfg = Release|Any CPU
		{85193FA4-DC68-4E0E-BF67-EB3E42210567}.Release|Any CPU.Build.0 = Release|Any CPU
		{DC7E3A86-9A0D-4050-91DC-57A8754DCBD1}.Debug|Any CPU.ActiveCfg = Debug|Any CPU
		{DC7E3A86-9A0D-4050-91DC-57A8754DCBD1}.Debug|Any CPU.Build.0 = Debug|Any CPU
		{DC7E3A86-9A0D-4050-91DC-57A8754DCBD1}.Release|Any CPU.ActiveCfg = Release|Any CPU
		{DC7E3A86-9A0D-4050-91DC-57A8754DCBD1}.Release|Any CPU.Build.0 = Release|Any CPU
		{A521F670-1420-4387-BD0B-1768F02703E2}.Debug|Any CPU.ActiveCfg = Debug|Any CPU
		{A521F670-1420-4387-BD0B-1768F02703E2}.Debug|Any CPU.Build.0 = Debug|Any CPU
		{A521F670-1420-4387-BD0B-1768F02703E2}.Release|Any CPU.ActiveCfg = Release|Any CPU
		{A521F670-1420-4387-BD0B-1768F02703E2}.Release|Any CPU.Build.0 = Release|Any CPU
		{05988E61-6357-40F4-AC2C-600D1600A000}.Debug|Any CPU.ActiveCfg = Debug|Any CPU
		{05988E61-6357-40F4-AC2C-600D1600A000}.Debug|Any CPU.Build.0 = Debug|Any CPU
		{05988E61-6357-40F4-AC2C-600D1600A000}.Release|Any CPU.ActiveCfg = Release|Any CPU
		{05988E61-6357-40F4-AC2C-600D1600A000}.Release|Any CPU.Build.0 = Release|Any CPU
		{9A31FCA5-E233-4AA9-AFAE-F4AD02B6AAC2}.Debug|Any CPU.ActiveCfg = Debug|Any CPU
		{9A31FCA5-E233-4AA9-AFAE-F4AD02B6AAC2}.Debug|Any CPU.Build.0 = Debug|Any CPU
		{9A31FCA5-E233-4AA9-AFAE-F4AD02B6AAC2}.Release|Any CPU.ActiveCfg = Release|Any CPU
		{9A31FCA5-E233-4AA9-AFAE-F4AD02B6AAC2}.Release|Any CPU.Build.0 = Release|Any CPU
		{9C637C08-ABBC-40DE-B97F-73961D609714}.Debug|Any CPU.ActiveCfg = Debug|Any CPU
		{9C637C08-ABBC-40DE-B97F-73961D609714}.Debug|Any CPU.Build.0 = Debug|Any CPU
		{9C637C08-ABBC-40DE-B97F-73961D609714}.Release|Any CPU.ActiveCfg = Release|Any CPU
		{9C637C08-ABBC-40DE-B97F-73961D609714}.Release|Any CPU.Build.0 = Release|Any CPU
		{89B38FC2-7840-433A-B2A4-85F9EA8703E3}.Debug|Any CPU.ActiveCfg = Debug|Any CPU
		{89B38FC2-7840-433A-B2A4-85F9EA8703E3}.Debug|Any CPU.Build.0 = Debug|Any CPU
		{89B38FC2-7840-433A-B2A4-85F9EA8703E3}.Release|Any CPU.ActiveCfg = Release|Any CPU
		{89B38FC2-7840-433A-B2A4-85F9EA8703E3}.Release|Any CPU.Build.0 = Release|Any CPU
		{01D55343-0974-4516-9973-A75A42767DC1}.Debug|Any CPU.ActiveCfg = Debug|Any CPU
		{01D55343-0974-4516-9973-A75A42767DC1}.Debug|Any CPU.Build.0 = Debug|Any CPU
		{01D55343-0974-4516-9973-A75A42767DC1}.Release|Any CPU.ActiveCfg = Release|Any CPU
		{01D55343-0974-4516-9973-A75A42767DC1}.Release|Any CPU.Build.0 = Release|Any CPU
		{4F829F15-8EC0-461E-8CE6-47CC0D78F85D}.Debug|Any CPU.ActiveCfg = Debug|Any CPU
		{4F829F15-8EC0-461E-8CE6-47CC0D78F85D}.Debug|Any CPU.Build.0 = Debug|Any CPU
		{4F829F15-8EC0-461E-8CE6-47CC0D78F85D}.Release|Any CPU.ActiveCfg = Release|Any CPU
		{4F829F15-8EC0-461E-8CE6-47CC0D78F85D}.Release|Any CPU.Build.0 = Release|Any CPU
		{78FDEBB6-3BCB-41EF-96E8-5C5DEDEF6BD0}.Debug|Any CPU.ActiveCfg = Debug|Any CPU
		{78FDEBB6-3BCB-41EF-96E8-5C5DEDEF6BD0}.Debug|Any CPU.Build.0 = Debug|Any CPU
		{78FDEBB6-3BCB-41EF-96E8-5C5DEDEF6BD0}.Release|Any CPU.ActiveCfg = Release|Any CPU
		{78FDEBB6-3BCB-41EF-96E8-5C5DEDEF6BD0}.Release|Any CPU.Build.0 = Release|Any CPU
		{85707964-2353-4397-B38C-7DD6D6AC119A}.Debug|Any CPU.ActiveCfg = Debug|Any CPU
		{85707964-2353-4397-B38C-7DD6D6AC119A}.Debug|Any CPU.Build.0 = Debug|Any CPU
		{85707964-2353-4397-B38C-7DD6D6AC119A}.Release|Any CPU.ActiveCfg = Release|Any CPU
		{85707964-2353-4397-B38C-7DD6D6AC119A}.Release|Any CPU.Build.0 = Release|Any CPU
		{22E68C63-060D-4EED-A7A0-27CBDA57D4DC}.Debug|Any CPU.ActiveCfg = Debug|Any CPU
		{22E68C63-060D-4EED-A7A0-27CBDA57D4DC}.Debug|Any CPU.Build.0 = Debug|Any CPU
		{22E68C63-060D-4EED-A7A0-27CBDA57D4DC}.Release|Any CPU.ActiveCfg = Release|Any CPU
		{22E68C63-060D-4EED-A7A0-27CBDA57D4DC}.Release|Any CPU.Build.0 = Release|Any CPU
		{22E45ADB-23BA-4437-855B-31F53A2CD746}.Debug|Any CPU.ActiveCfg = Debug|Any CPU
		{22E45ADB-23BA-4437-855B-31F53A2CD746}.Debug|Any CPU.Build.0 = Debug|Any CPU
		{22E45ADB-23BA-4437-855B-31F53A2CD746}.Release|Any CPU.ActiveCfg = Release|Any CPU
		{22E45ADB-23BA-4437-855B-31F53A2CD746}.Release|Any CPU.Build.0 = Release|Any CPU
	EndGlobalSection
	GlobalSection(SolutionProperties) = preSolution
		HideSolutionNode = FALSE
	EndGlobalSection
	GlobalSection(NestedProjects) = preSolution
		{F93850AD-29DC-4FB2-B999-2947AB8A9123} = {7EEB29E2-8D74-45FA-8CC3-348062DEEF7F}
		{7EEB29E2-8D74-45FA-8CC3-348062DEEF7F} = {FE29C1E8-F540-417F-9E81-4F5CD520B843}
		{37F83466-136B-455D-AAF6-2320E1D55996} = {7A09EAC8-F216-427D-8342-D1B201D2F45C}
		{7A09EAC8-F216-427D-8342-D1B201D2F45C} = {FE29C1E8-F540-417F-9E81-4F5CD520B843}
		{F13CE012-E34B-4E27-A5DD-B16C4B70ECF3} = {CBCCEA39-E075-40B5-93D4-183828A1CE9D}
		{CBCCEA39-E075-40B5-93D4-183828A1CE9D} = {FE29C1E8-F540-417F-9E81-4F5CD520B843}
		{C1BFED4E-FD16-45DE-A2FD-1F8A6E27D3E0} = {307BE40B-7CA7-40A5-A469-4E202AF4628D}
		{307BE40B-7CA7-40A5-A469-4E202AF4628D} = {FE29C1E8-F540-417F-9E81-4F5CD520B843}
		{FEA9CAEC-A247-478B-B3A2-33DF354CDC22} = {EBA4E5E3-C312-4518-93F6-47E76B6B90D0}
		{EBA4E5E3-C312-4518-93F6-47E76B6B90D0} = {FE29C1E8-F540-417F-9E81-4F5CD520B843}
		{17874AFC-995A-4829-ABE4-369427AD323A} = {1975E6E6-587D-403B-B84C-ABAFA2DDCBCD}
		{1975E6E6-587D-403B-B84C-ABAFA2DDCBCD} = {FE29C1E8-F540-417F-9E81-4F5CD520B843}
		{81353D5F-73DF-43F1-8490-E14B0FF46064} = {7FA924B4-01AF-4D73-BFDC-5A489A442C91}
		{7FA924B4-01AF-4D73-BFDC-5A489A442C91} = {FE29C1E8-F540-417F-9E81-4F5CD520B843}
		{C482B23A-F226-42EE-BB7E-31319F65D9C2} = {5E4D55DE-6052-49C6-A40B-0656C98DD337}
		{5E4D55DE-6052-49C6-A40B-0656C98DD337} = {FE29C1E8-F540-417F-9E81-4F5CD520B843}
		{8252DD6E-6FED-4E56-B5F1-DE212FF1363B} = {42D007B8-DB1E-4667-8897-F80923A91438}
		{42D007B8-DB1E-4667-8897-F80923A91438} = {FE29C1E8-F540-417F-9E81-4F5CD520B843}
		{F4940449-FE14-4FCC-A1AC-E32D7B6F8F89} = {37E88D41-7566-48DA-AC7F-175F62352550}
		{37E88D41-7566-48DA-AC7F-175F62352550} = {D3B94C9A-78BA-4E34-B66B-07312D867DA7}
		{01045560-E0AF-4BF1-B7B3-993E96C8921E} = {DA45AFF4-390C-49A5-B273-280F0106CC11}
		{DA45AFF4-390C-49A5-B273-280F0106CC11} = {D3B94C9A-78BA-4E34-B66B-07312D867DA7}
		{DDE0FF03-B1B2-496E-B1F9-69AF9BB13669} = {4FFE5B2E-A5C2-4DA0-831B-82AE692EF2A4}
		{4FFE5B2E-A5C2-4DA0-831B-82AE692EF2A4} = {D3B94C9A-78BA-4E34-B66B-07312D867DA7}
		{9B0C5E84-42E4-478E-9D9E-3862E7CC492D} = {6E1FB163-29B1-4B9F-94AB-A6E8719851C4}
		{6E1FB163-29B1-4B9F-94AB-A6E8719851C4} = {D3B94C9A-78BA-4E34-B66B-07312D867DA7}
		{D3B94C9A-78BA-4E34-B66B-07312D867DA7} = {FE29C1E8-F540-417F-9E81-4F5CD520B843}
		{85193FA4-DC68-4E0E-BF67-EB3E42210567} = {802927C6-C22D-4489-A174-43CC16D4A00D}
		{DC7E3A86-9A0D-4050-91DC-57A8754DCBD1} = {51476BB8-A49F-4F78-A27E-389D8550A235}
		{A521F670-1420-4387-BD0B-1768F02703E2} = {518E440B-25A4-49BE-ACB8-57E8474D8403}
		{518E440B-25A4-49BE-ACB8-57E8474D8403} = {CDC84298-416A-4A68-9B3B-6DE81AEFBD11}
		{05988E61-6357-40F4-AC2C-600D1600A000} = {34CE2DDA-EFED-4F3F-945B-08C3E3681CF4}
		{34CE2DDA-EFED-4F3F-945B-08C3E3681CF4} = {CDC84298-416A-4A68-9B3B-6DE81AEFBD11}
		{9A31FCA5-E233-4AA9-AFAE-F4AD02B6AAC2} = {B7AE8366-1E0E-44EE-84F2-F708D3CE9E84}
		{B7AE8366-1E0E-44EE-84F2-F708D3CE9E84} = {CDC84298-416A-4A68-9B3B-6DE81AEFBD11}
		{9C637C08-ABBC-40DE-B97F-73961D609714} = {149256B5-84BE-4F31-9227-3EA8E1D8A639}
		{149256B5-84BE-4F31-9227-3EA8E1D8A639} = {CDC84298-416A-4A68-9B3B-6DE81AEFBD11}
		{89B38FC2-7840-433A-B2A4-85F9EA8703E3} = {25AC506A-12FE-4967-841B-04B5EE9ABFB8}
		{25AC506A-12FE-4967-841B-04B5EE9ABFB8} = {CDC84298-416A-4A68-9B3B-6DE81AEFBD11}
		{01D55343-0974-4516-9973-A75A42767DC1} = {20A55475-82F1-4DE6-B1C2-9F05F595E142}
		{20A55475-82F1-4DE6-B1C2-9F05F595E142} = {CDC84298-416A-4A68-9B3B-6DE81AEFBD11}
		{4F829F15-8EC0-461E-8CE6-47CC0D78F85D} = {CDDD1A9E-38E8-453B-A5EB-6B767653D380}
		{CDDD1A9E-38E8-453B-A5EB-6B767653D380} = {7A487D25-7BAB-493A-8276-28EEF5956321}
		{78FDEBB6-3BCB-41EF-96E8-5C5DEDEF6BD0} = {2DCA2541-3C1B-4FE8-AE5D-F86F4D7B879D}
		{2DCA2541-3C1B-4FE8-AE5D-F86F4D7B879D} = {7A487D25-7BAB-493A-8276-28EEF5956321}
		{85707964-2353-4397-B38C-7DD6D6AC119A} = {51A1A594-5541-4B6A-9612-0B8A38E12102}
		{51A1A594-5541-4B6A-9612-0B8A38E12102} = {7A487D25-7BAB-493A-8276-28EEF5956321}
		{22E68C63-060D-4EED-A7A0-27CBDA57D4DC} = {753E630F-1106-47FD-801D-CE162CFE7677}
		{753E630F-1106-47FD-801D-CE162CFE7677} = {7A487D25-7BAB-493A-8276-28EEF5956321}
		{7A487D25-7BAB-493A-8276-28EEF5956321} = {CDC84298-416A-4A68-9B3B-6DE81AEFBD11}
		{22E45ADB-23BA-4437-855B-31F53A2CD746} = {CD2B7995-D00C-4D63-A8E6-813D94A8EA74}
		{CD2B7995-D00C-4D63-A8E6-813D94A8EA74} = {63203932-97AB-41E5-986A-DB7CF03AE3AD}
	EndGlobalSection
	GlobalSection(ExtensibilityGlobals) = postSolution
		SolutionGuid = {6B44DA23-BA60-4486-B425-6BB9F077E3E5}
	EndGlobalSection
EndGlobal
